{
    "version": 3,
    "terraform_version": "0.11.10",
    "serial": 168,
    "lineage": "e1127947-e2ee-cb75-0684-3e0cac62b77b",
    "modules": [
        {
            "path": [
                "root"
            ],
            "outputs": {
                "private ip asterisk": {
                    "sensitive": false,
                    "type": "list",
                    "value": [
                        "10.135.116.10"
                    ]
                },
                "private ip cassandra": {
                    "sensitive": false,
                    "type": "list",
                    "value": [
                        "10.135.119.43",
                        "10.135.119.68",
                        "10.135.119.200"
                    ]
                },
                "private ip dns": {
                    "sensitive": false,
                    "type": "list",
                    "value": [
                        "10.135.101.26"
                    ]
                },
                "private ip gitlab": {
                    "sensitive": false,
                    "type": "list",
                    "value": [
                        "10.135.11.170"
                    ]
                },
                "private ip gitlab-runner": {
                    "sensitive": false,
                    "type": "list",
                    "value": [
                        "10.135.94.37"
                    ]
                },
                "private ip nodejs": {
                    "sensitive": false,
                    "type": "list",
                    "value": [
                        "10.135.125.221"
                    ]
                },
                "private ip openvpn": {
                    "sensitive": false,
                    "type": "list",
                    "value": [
                        "10.135.16.158"
                    ]
                },
                "private ip postgresql-master": {
                    "sensitive": false,
                    "type": "list",
                    "value": [
                        "10.135.72.192"
                    ]
                },
                "private ip postgresql-slave": {
                    "sensitive": false,
                    "type": "list",
                    "value": [
                        "10.135.20.228"
                    ]
                },
                "private ip radius": {
                    "sensitive": false,
                    "type": "list",
                    "value": [
                        "10.135.105.84",
                        "10.135.105.93"
                    ]
                },
                "private ip redis": {
                    "sensitive": false,
                    "type": "list",
                    "value": [
                        "10.135.118.233",
                        "10.135.118.227",
                        "10.135.118.226"
                    ]
                },
                "private ip softether": {
                    "sensitive": false,
                    "type": "list",
                    "value": [
                        "10.135.93.247",
                        "10.135.121.54",
                        "10.135.120.116"
                    ]
                },
                "private ip web": {
                    "sensitive": false,
                    "type": "list",
                    "value": [
                        "10.135.112.29",
                        "10.135.124.179"
                    ]
                },
                "private ip web_data": {
                    "sensitive": false,
                    "type": "list",
                    "value": [
                        "10.135.68.78"
                    ]
                },
                "private ip zabbix": {
                    "sensitive": false,
                    "type": "list",
                    "value": [
                        "10.135.56.169"
                    ]
                },
                "public ip asterisk": {
                    "sensitive": false,
                    "type": "list",
                    "value": [
                        "68.183.76.117"
                    ]
                },
                "public ip cassandra": {
                    "sensitive": false,
                    "type": "list",
                    "value": [
                        "68.183.68.218",
                        "178.128.203.16",
                        "68.183.68.221"
                    ]
                },
                "public ip dns": {
                    "sensitive": false,
                    "type": "list",
                    "value": [
                        "165.227.174.100"
                    ]
                },
                "public ip gitlab": {
                    "sensitive": false,
                    "type": "list",
                    "value": [
                        "207.154.226.175"
                    ]
                },
                "public ip gitlab-runner": {
                    "sensitive": false,
                    "type": "list",
                    "value": [
                        "159.89.13.165"
                    ]
                },
                "public ip nodejs": {
                    "sensitive": false,
                    "type": "list",
                    "value": [
                        "142.93.105.211"
                    ]
                },
                "public ip openvpn": {
                    "sensitive": false,
                    "type": "list",
                    "value": [
                        "138.68.67.181"
                    ]
                },
                "public ip postgresql-master": {
                    "sensitive": false,
                    "type": "list",
                    "value": [
                        "178.128.202.29"
                    ]
                },
                "public ip postgresql-slave": {
                    "sensitive": false,
                    "type": "list",
                    "value": [
                        "139.59.157.250"
                    ]
                },
                "public ip radius": {
                    "sensitive": false,
                    "type": "list",
                    "value": [
                        "46.101.116.27",
                        "139.59.156.170"
                    ]
                },
                "public ip redis": {
                    "sensitive": false,
                    "type": "list",
                    "value": [
                        "104.248.245.181",
                        "104.248.245.180",
                        "104.248.245.179"
                    ]
                },
                "public ip softether": {
                    "sensitive": false,
                    "type": "list",
                    "value": [
                        "207.154.215.187",
                        "138.68.94.223",
                        "138.68.99.160"
                    ]
                },
                "public ip web": {
                    "sensitive": false,
                    "type": "list",
                    "value": [
                        "138.68.82.173",
                        "159.65.126.98"
                    ]
                },
                "public ip web_data": {
                    "sensitive": false,
                    "type": "list",
                    "value": [
                        "104.248.42.122"
                    ]
                },
                "public ip zabbix": {
                    "sensitive": false,
                    "type": "list",
                    "value": [
                        "46.101.147.98"
                    ]
                }
            },
            "resources": {
                "digitalocean_certificate.cert": {
                    "type": "digitalocean_certificate",
                    "depends_on": [],
                    "primary": {
                        "id": "a36ff93b-19aa-4fcf-acd9-8d3d0cbf7d89",
                        "attributes": {
                            "certificate_chain": "-----BEGIN CERTIFICATE-----\nMIIEkjCCA3qgAwIBAgIQCgFBQgAAAVOFc2oLheynCDANBgkqhkiG9w0BAQsFADA/\nMSQwIgYDVQQKExtEaWdpdGFsIFNpZ25hdHVyZSBUcnVzdCBDby4xFzAVBgNVBAMT\nDkRTVCBSb290IENBIFgzMB4XDTE2MDMxNzE2NDA0NloXDTIxMDMxNzE2NDA0Nlow\nSjELMAkGA1UEBhMCVVMxFjAUBgNVBAoTDUxldCdzIEVuY3J5cHQxIzAhBgNVBAMT\nGkxldCdzIEVuY3J5cHQgQXV0aG9yaXR5IFgzMIIBIjANBgkqhkiG9w0BAQEFAAOC\nAQ8AMIIBCgKCAQEAnNMM8FrlLke3cl03g7NoYzDq1zUmGSXhvb418XCSL7e4S0EF\nq6meNQhY7LEqxGiHC6PjdeTm86dicbp5gWAf15Gan/PQeGdxyGkOlZHP/uaZ6WA8\nSMx+yk13EiSdRxta67nsHjcAHJyse6cF6s5K671B5TaYucv9bTyWaN8jKkKQDIZ0\nZ8h/pZq4UmEUEz9l6YKHy9v6Dlb2honzhT+Xhq+w3Brvaw2VFn3EK6BlspkENnWA\na6xK8xuQSXgvopZPKiAlKQTGdMDQMc2PMTiVFrqoM7hD8bEfwzB/onkxEz0tNvjj\n/PIzark5McWvxI0NHWQWM6r6hCm21AvA2H3DkwIDAQABo4IBfTCCAXkwEgYDVR0T\nAQH/BAgwBgEB/wIBADAOBgNVHQ8BAf8EBAMCAYYwfwYIKwYBBQUHAQEEczBxMDIG\nCCsGAQUFBzABhiZodHRwOi8vaXNyZy50cnVzdGlkLm9jc3AuaWRlbnRydXN0LmNv\nbTA7BggrBgEFBQcwAoYvaHR0cDovL2FwcHMuaWRlbnRydXN0LmNvbS9yb290cy9k\nc3Ryb290Y2F4My5wN2MwHwYDVR0jBBgwFoAUxKexpHsscfrb4UuQdf/EFWCFiRAw\nVAYDVR0gBE0wSzAIBgZngQwBAgEwPwYLKwYBBAGC3xMBAQEwMDAuBggrBgEFBQcC\nARYiaHR0cDovL2Nwcy5yb290LXgxLmxldHNlbmNyeXB0Lm9yZzA8BgNVHR8ENTAz\nMDGgL6AthitodHRwOi8vY3JsLmlkZW50cnVzdC5jb20vRFNUUk9PVENBWDNDUkwu\nY3JsMB0GA1UdDgQWBBSoSmpjBH3duubRObemRWXv86jsoTANBgkqhkiG9w0BAQsF\nAAOCAQEA3TPXEfNjWDjdGBX7CVW+dla5cEilaUcne8IkCJLxWh9KEik3JHRRHGJo\nuM2VcGfl96S8TihRzZvoroed6ti6WqEBmtzw3Wodatg+VyOeph4EYpr/1wXKtx8/\nwApIvJSwtmVi4MFU5aMqrSDE6ea73Mj2tcMyo5jMd6jmeWUHK8so/joWUoHOUgwu\nX4Po1QYz+3dszkDqMp4fklxBwXRsW10KXzPMTZ+sOPAveyxindmjkW8lGy+QsRlG\nPfZ+G6Z6h7mjem0Y+iWlkYcV4PIWL1iwBi8saCbGS5jN2p8M+X+Q7UNKEkROb3N6\nKOqkqm57TH2H3eDJAkSnh6/DNFu0Qg==\n-----END CERTIFICATE-----",
                            "domains.#": "2",
                            "domains.2484473493": "gettwifi.com",
                            "domains.2776900896": "*.gettwifi.com",
                            "id": "a36ff93b-19aa-4fcf-acd9-8d3d0cbf7d89",
                            "leaf_certificate": "-----BEGIN CERTIFICATE-----\nMIIGFDCCBPygAwIBAgISAwMn8oW/jowZipsNDVWpiXMmMA0GCSqGSIb3DQEBCwUA\nMEoxCzAJBgNVBAYTAlVTMRYwFAYDVQQKEw1MZXQncyBFbmNyeXB0MSMwIQYDVQQD\nExpMZXQncyBFbmNyeXB0IEF1dGhvcml0eSBYMzAeFw0xODEwMTAxMzM4NTFaFw0x\nOTAxMDgxMzM4NTFaMBkxFzAVBgNVBAMMDiouZ2V0dHdpZmkuY29tMIIBIjANBgkq\nhkiG9w0BAQEFAAOCAQ8AMIIBCgKCAQEApBrV4OFzGlVTyqIgvkr0gGoZ2xgjaW1o\nKiGPO8ydqzp78KJPBfDVtODPe5h/0RjtjcYALIUCnqjnQtp9E5G6uwl3tMToIH3S\n6yqWMyzQssB0jctYrGntqkto1fMLmgECgLwnA031GxTbXrySo64wn3hSoaz2/Y5y\nn42uRNVgJCVao3mkfNDEeSMIIF62mnt2x2SIwKMFWyBnxoz5rabGeHo19Tm9B6yo\nVWGn5XhZfshe4yY+jIGRckHFqjuU/W8uKFkON1APMxUly+WX6FBgs1V4GCuHWcC6\nHSrzsJp06cPhtjxlK/xyHf9+SPVsRUdZ6YQd6TXia8qQRhVC0gKZeQIDAQABo4ID\nIzCCAx8wDgYDVR0PAQH/BAQDAgWgMB0GA1UdJQQWMBQGCCsGAQUFBwMBBggrBgEF\nBQcDAjAMBgNVHRMBAf8EAjAAMB0GA1UdDgQWBBTF4zKlmlL284teAp5Y1ortVHUX\ncjAfBgNVHSMEGDAWgBSoSmpjBH3duubRObemRWXv86jsoTBvBggrBgEFBQcBAQRj\nMGEwLgYIKwYBBQUHMAGGImh0dHA6Ly9vY3NwLmludC14My5sZXRzZW5jcnlwdC5v\ncmcwLwYIKwYBBQUHMAKGI2h0dHA6Ly9jZXJ0LmludC14My5sZXRzZW5jcnlwdC5v\ncmcvMCcGA1UdEQQgMB6CDiouZ2V0dHdpZmkuY29tggxnZXR0d2lmaS5jb20wgf4G\nA1UdIASB9jCB8zAIBgZngQwBAgEwgeYGCysGAQQBgt8TAQEBMIHWMCYGCCsGAQUF\nBwIBFhpodHRwOi8vY3BzLmxldHNlbmNyeXB0Lm9yZzCBqwYIKwYBBQUHAgIwgZ4M\ngZtUaGlzIENlcnRpZmljYXRlIG1heSBvbmx5IGJlIHJlbGllZCB1cG9uIGJ5IFJl\nbHlpbmcgUGFydGllcyBhbmQgb25seSBpbiBhY2NvcmRhbmNlIHdpdGggdGhlIENl\ncnRpZmljYXRlIFBvbGljeSBmb3VuZCBhdCBodHRwczovL2xldHNlbmNyeXB0Lm9y\nZy9yZXBvc2l0b3J5LzCCAQMGCisGAQQB1nkCBAIEgfQEgfEA7wB2AFWB1MIWkDYB\nSuoLm1c8U/DA5Dh4cCUIFy+jqh0HE9MMAAABZl5qiCcAAAQDAEcwRQIhAOwIhm8F\nSVp6JK1mXICw8P2gdvM2JVuX1dybTdmiiY8eAiA+Nshmp7bILly1dn1BDHiDohN1\n4qoQ+W5L1GnTpveIFQB1AGPy283oO8wszwtyhCdXazOkjWF3j711pjixx2hUS9iN\nAAABZl5qiAEAAAQDAEYwRAIgPkNm2dXT1L5+nc6G6aTIbhpKTgoSA/B4YHPJFpE/\niWcCICKKiK9TryaXA0id6D6FaM+pdsSlYC6zK709tqbzboA9MA0GCSqGSIb3DQEB\nCwUAA4IBAQCZRnBFlsdfcVYhD6Vb7mh0AK796rx/nzdW/dM3hmBLWsScSWjKXbmB\n8EaWe3DOzQJhMnkKyvEu6pGDIgLSD/WRAbBrrZ/GkDk6WYiDyY1Nj/l0QayUmRag\n6AJHk6JWpeOZQQ62GnNd5T06rLuz0G0FuZsnML6kYGd91Kfg5GJfuo1PIDivybNe\nY3NEV4sKYSc8REw7iV+wqI8MIi6Gql6rFW5qsWW6+09DFulwp/dOVxT10KwnKGL8\nt5mqUFP/Sd8CfPHMu76alWMBLhj9i8KIjFuO1itYYYvuVmZGnABSj0gy8BSVP7fP\nwHeGjfVuHXaSUebMd6n0z691OTfqg3A+\n-----END CERTIFICATE-----",
                            "name": "gettwifi.com",
                            "not_after": "2019-01-08T13:38:51Z",
                            "private_key": "-----BEGIN PRIVATE KEY-----\nMIIEugIBADANBgkqhkiG9w0BAQEFAASCBKQwggSgAgEAAoIBAQCkGtXg4XMaVVPK\noiC+SvSAahnbGCNpbWgqIY87zJ2rOnvwok8F8NW04M97mH/RGO2NxgAshQKeqOdC\n2n0Tkbq7CXe0xOggfdLrKpYzLNCywHSNy1isae2qS2jV8wuaAQKAvCcDTfUbFNte\nvJKjrjCfeFKhrPb9jnKfja5E1WAkJVqjeaR80MR5IwggXraae3bHZIjAowVbIGfG\njPmtpsZ4ejX1Ob0HrKhVYafleFl+yF7jJj6MgZFyQcWqO5T9by4oWQ43UA8zFSXL\n5ZfoUGCzVXgYK4dZwLodKvOwmnTpw+G2PGUr/HId/35I9WxFR1nphB3pNeJrypBG\nFULSApl5AgMBAAECgf8oRxiM7sjRgx/jHD1Cd3iLYX9Mccrp6sXQ5sEWbEzxOemG\n+6S++zLOB7TlIQjoyWAvlpQfA9vLaqlYP0geWtD6Fy4fsDSeb5jVH3QTcMHIcx7T\nA+s/u2rEjBMEcCLo1FaeQjqmalE+fwquC0VH505dKwByWNbxD4Vn+TOiBr0SIbQv\nLRqzGKyAmChjaQsqlEXGVCCf4RgZjOLZCylgQGNMDQjklWO/OlfCiHD9uFsb4W5P\nG/NZ5pF3ApmwVBNE6mphT3rJJTVgxmvN1VgViVbDFp8aggOM7MFlUZ1Wjc4ZPEbf\nDQIrN8aaX+XpExiwi4/qVsijM/gBgkCAdZbSwkECgYEA2HHMVvSGv72plcV7I3ol\ndwDMSeKIC6fPk5JuTVvq7kAhXJ+N5iFehH7rysdfqcslrVSpU7WPlJuy1+upkE62\n2WDsJ/CCYK67zgaOmwgHhFgNRjVm1/5f1am82spfsDYrQN/th6bWqIZkZYobE6VU\nN3rD3nw+RhqFmh8c0oEV/kkCgYEAwhhcrcio6+JyAQZo8eFdCeCqTKOuHcZrXnbz\n2tJtW8HDdxocxJOpcfpG3mCp8kP82CsvIKVNTt8RCiIATkz5ciF/IEhU1c5uiFb6\nCMGJASqv4lWtzFFxTRNh1QjacI7DPJUkk0nT2ULKoBJ8nCG/2/j/8hw3AgCN7UgP\n1bNTgbECgYAGMvQsRWKamT8DKB3HvVbXWrF/KDrHQq4iRt5b3tcSrcmG0pcI0UnY\nt53fN+iYf1X76eHToO6UzgTIRFqd5HM+NJVu62eAh2CfnPZ2oDs+4hq3OQ5R/1oV\nT4A2L/efn12LxR4TdYbOWtMDSXpPDLwlvqFffOV3sojDCkMUEFhl6QKBgEvq/4Ux\n8XCiV/kyqqXBgoS0jagAdcBLtf9zA5rZp9C2D2BspEf3gdWFEWc15ANQuHtNGNfq\nED0DX0TZW8lErmUH2ROldxlR70YAzzfRi2cbbURYQuyiBnEhXajYF6jjDlaJ945s\n2CIoz9ygnoDraoH9+Q6YHqP314uyHg92XvlhAoGAUt9s2udi3cIRkxudHyEaJ7MB\nF7TCA451S5z2ezdPwd1FWabU9+7Ao7eAhjHwIyZ7K6USTjGjuZiFPz18jDBhtUKs\nGc/wf9EfH5pbTtOxwiIL6aM/YVhKgBF7wc+oEt13KOe+wi29W+WyqBHXweLmOeUk\nunTxFzgjH91Yc0kVaNA=\n-----END PRIVATE KEY-----",
                            "sha1_fingerprint": "d9e9f840b35ae1b011df5bd00bd26b271cce1510",
                            "state": "verified",
                            "type": "custom"
                        },
                        "meta": {},
                        "tainted": false
                    },
                    "deposed": [],
                    "provider": "provider.digitalocean"
                },
                "digitalocean_domain.gettwifi": {
                    "type": "digitalocean_domain",
                    "depends_on": [],
                    "primary": {
                        "id": "gettwifi.com",
                        "attributes": {
                            "id": "gettwifi.com",
                            "name": "gettwifi.com"
                        },
                        "meta": {},
                        "tainted": false
                    },
                    "deposed": [],
                    "provider": "provider.digitalocean"
                },
                "digitalocean_droplet.asterisk": {
                    "type": "digitalocean_droplet",
                    "depends_on": [
                        "digitalocean_tag.all",
                        "digitalocean_tag.asterisk",
                        "digitalocean_tag.private"
                    ],
                    "primary": {
                        "id": "116049605",
                        "attributes": {
                            "backups": "false",
                            "disk": "60",
                            "id": "116049605",
                            "image": "38897365",
                            "ipv4_address": "68.183.76.117",
                            "ipv4_address_private": "10.135.116.10",
                            "ipv6": "false",
                            "ipv6_address": "",
                            "ipv6_address_private": "",
                            "locked": "false",
                            "memory": "2048",
                            "monitoring": "false",
                            "name": "asterisk.gw.lan",
                            "price_hourly": "0.02232",
                            "price_monthly": "15",
                            "private_networking": "true",
                            "region": "fra1",
                            "resize_disk": "false",
                            "size": "s-2vcpu-2gb",
                            "ssh_keys.#": "2",
                            "ssh_keys.3150035396": "8a:c3:45:b8:ec:fb:af:f2:c1:07:a0:64:fb:83:7a:bd",
                            "ssh_keys.538707855": "8c:80:e8:2d:2b:3e:9d:7a:cf:47:6f:d5:22:ef:b5:88",
                            "status": "active",
                            "tags.#": "3",
                            "tags.1035995213": "asterisk",
                            "tags.3523658193": "private",
                            "tags.991457757": "all",
                            "user_data": "#cloud-config\npackages:\n    - python-minimal\n    - python-setuptools\n    - dmidecode",
                            "vcpus": "2",
                            "volume_ids.#": "0"
                        },
                        "meta": {
                            "schema_version": "1"
                        },
                        "tainted": false
                    },
                    "deposed": [],
                    "provider": "provider.digitalocean"
                },
                "digitalocean_droplet.cassandra.0": {
                    "type": "digitalocean_droplet",
                    "depends_on": [
                        "digitalocean_tag.all",
                        "digitalocean_tag.cassandra",
                        "digitalocean_tag.private"
                    ],
                    "primary": {
                        "id": "116043979",
                        "attributes": {
                            "backups": "false",
                            "disk": "320",
                            "id": "116043979",
                            "image": "38897365",
                            "ipv4_address": "68.183.68.218",
                            "ipv4_address_private": "10.135.119.43",
                            "ipv6": "false",
                            "ipv6_address": "",
                            "ipv6_address_private": "",
                            "locked": "false",
                            "memory": "16384",
                            "monitoring": "false",
                            "name": "cassandra1.gw.lan",
                            "price_hourly": "0.11905",
                            "price_monthly": "80",
                            "private_networking": "true",
                            "region": "fra1",
                            "resize_disk": "true",
                            "size": "s-6vcpu-16gb",
                            "ssh_keys.#": "2",
                            "ssh_keys.3150035396": "8a:c3:45:b8:ec:fb:af:f2:c1:07:a0:64:fb:83:7a:bd",
                            "ssh_keys.538707855": "8c:80:e8:2d:2b:3e:9d:7a:cf:47:6f:d5:22:ef:b5:88",
                            "status": "active",
                            "tags.#": "3",
                            "tags.3523658193": "private",
                            "tags.3629730744": "cassandra",
                            "tags.991457757": "all",
                            "user_data": "#cloud-config\npackages:\n    - python-minimal\n    - python-setuptools\n    - dmidecode",
                            "vcpus": "6",
                            "volume_ids.#": "0"
                        },
                        "meta": {
                            "schema_version": "1"
                        },
                        "tainted": false
                    },
                    "deposed": [],
                    "provider": "provider.digitalocean"
                },
                "digitalocean_droplet.cassandra.1": {
                    "type": "digitalocean_droplet",
                    "depends_on": [
                        "digitalocean_tag.all",
                        "digitalocean_tag.cassandra",
                        "digitalocean_tag.private"
                    ],
                    "primary": {
                        "id": "116043978",
                        "attributes": {
                            "backups": "false",
                            "disk": "320",
                            "id": "116043978",
                            "image": "38897365",
                            "ipv4_address": "178.128.203.16",
                            "ipv4_address_private": "10.135.119.68",
                            "ipv6": "false",
                            "ipv6_address": "",
                            "ipv6_address_private": "",
                            "locked": "false",
                            "memory": "16384",
                            "monitoring": "false",
                            "name": "cassandra2.gw.lan",
                            "price_hourly": "0.11905",
                            "price_monthly": "80",
                            "private_networking": "true",
                            "region": "fra1",
                            "resize_disk": "true",
                            "size": "s-6vcpu-16gb",
                            "ssh_keys.#": "2",
                            "ssh_keys.3150035396": "8a:c3:45:b8:ec:fb:af:f2:c1:07:a0:64:fb:83:7a:bd",
                            "ssh_keys.538707855": "8c:80:e8:2d:2b:3e:9d:7a:cf:47:6f:d5:22:ef:b5:88",
                            "status": "active",
                            "tags.#": "3",
                            "tags.3523658193": "private",
                            "tags.3629730744": "cassandra",
                            "tags.991457757": "all",
                            "user_data": "#cloud-config\npackages:\n    - python-minimal\n    - python-setuptools\n    - dmidecode",
                            "vcpus": "6",
                            "volume_ids.#": "0"
                        },
                        "meta": {
                            "schema_version": "1"
                        },
                        "tainted": false
                    },
                    "deposed": [],
                    "provider": "provider.digitalocean"
                },
                "digitalocean_droplet.cassandra.2": {
                    "type": "digitalocean_droplet",
                    "depends_on": [
                        "digitalocean_tag.all",
                        "digitalocean_tag.cassandra",
                        "digitalocean_tag.private"
                    ],
                    "primary": {
                        "id": "116043980",
                        "attributes": {
                            "backups": "false",
                            "disk": "320",
                            "id": "116043980",
                            "image": "38897365",
                            "ipv4_address": "68.183.68.221",
                            "ipv4_address_private": "10.135.119.200",
                            "ipv6": "false",
                            "ipv6_address": "",
                            "ipv6_address_private": "",
                            "locked": "false",
                            "memory": "16384",
                            "monitoring": "false",
                            "name": "cassandra3.gw.lan",
                            "price_hourly": "0.11905",
                            "price_monthly": "80",
                            "private_networking": "true",
                            "region": "fra1",
                            "resize_disk": "true",
                            "size": "s-6vcpu-16gb",
                            "ssh_keys.#": "2",
                            "ssh_keys.3150035396": "8a:c3:45:b8:ec:fb:af:f2:c1:07:a0:64:fb:83:7a:bd",
                            "ssh_keys.538707855": "8c:80:e8:2d:2b:3e:9d:7a:cf:47:6f:d5:22:ef:b5:88",
                            "status": "active",
                            "tags.#": "3",
                            "tags.3523658193": "private",
                            "tags.3629730744": "cassandra",
                            "tags.991457757": "all",
                            "user_data": "#cloud-config\npackages:\n    - python-minimal\n    - python-setuptools\n    - dmidecode",
                            "vcpus": "6",
                            "volume_ids.#": "0"
                        },
                        "meta": {
                            "schema_version": "1"
                        },
                        "tainted": false
                    },
                    "deposed": [],
                    "provider": "provider.digitalocean"
                },
                "digitalocean_droplet.dns": {
                    "type": "digitalocean_droplet",
                    "depends_on": [
                        "digitalocean_tag.all",
                        "digitalocean_tag.dns",
                        "digitalocean_tag.private"
                    ],
                    "primary": {
                        "id": "114094823",
                        "attributes": {
                            "backups": "false",
                            "disk": "30",
                            "id": "114094823",
                            "image": "38897365",
                            "ipv4_address": "165.227.174.100",
                            "ipv4_address_private": "10.135.101.26",
                            "ipv6": "false",
                            "ipv6_address": "",
                            "ipv6_address_private": "",
                            "locked": "false",
                            "memory": "1024",
                            "monitoring": "false",
                            "name": "ns1.gw.lan",
                            "price_hourly": "0.01488",
                            "price_monthly": "10",
                            "private_networking": "true",
                            "region": "fra1",
                            "resize_disk": "true",
                            "size": "1gb",
                            "ssh_keys.#": "2",
                            "ssh_keys.3150035396": "8a:c3:45:b8:ec:fb:af:f2:c1:07:a0:64:fb:83:7a:bd",
                            "ssh_keys.538707855": "8c:80:e8:2d:2b:3e:9d:7a:cf:47:6f:d5:22:ef:b5:88",
                            "status": "active",
                            "tags.#": "3",
                            "tags.2196626497": "dns",
                            "tags.3523658193": "private",
                            "tags.991457757": "all",
                            "user_data": "#cloud-config\npackages:\n    - python-minimal\n    - python-setuptools\n    - dmidecode",
                            "vcpus": "1",
                            "volume_ids.#": "0"
                        },
                        "meta": {
                            "schema_version": "1"
                        },
                        "tainted": false
                    },
                    "deposed": [],
                    "provider": "provider.digitalocean"
                },
                "digitalocean_droplet.gitlab": {
                    "type": "digitalocean_droplet",
                    "depends_on": [
                        "digitalocean_tag.all",
                        "digitalocean_tag.gitlab"
                    ],
                    "primary": {
                        "id": "114200615",
                        "attributes": {
                            "backups": "false",
                            "disk": "60",
                            "id": "114200615",
                            "image": "38897365",
                            "ipv4_address": "207.154.226.175",
                            "ipv4_address_private": "10.135.11.170",
                            "ipv6": "false",
                            "ipv6_address": "",
                            "ipv6_address_private": "",
                            "locked": "false",
                            "memory": "4096",
                            "monitoring": "false",
                            "name": "gitlab.gettwifi.com",
                            "price_hourly": "0.02976",
                            "price_monthly": "20",
                            "private_networking": "true",
                            "region": "fra1",
                            "resize_disk": "true",
                            "size": "s-2vcpu-4gb",
                            "ssh_keys.#": "2",
                            "ssh_keys.3150035396": "8a:c3:45:b8:ec:fb:af:f2:c1:07:a0:64:fb:83:7a:bd",
                            "ssh_keys.538707855": "8c:80:e8:2d:2b:3e:9d:7a:cf:47:6f:d5:22:ef:b5:88",
                            "status": "active",
                            "tags.#": "2",
                            "tags.1255920736": "gitlab",
                            "tags.991457757": "all",
                            "user_data": "#cloud-config\npackages:\n  - python-minimal\n  - python-setuptools\n  - dmidecode\nruncmd:\n  - sed -i -e '/^Port/s/^.*$/Port 2222/' etc/ssh/sshd_config",
                            "vcpus": "2",
                            "volume_ids.#": "0"
                        },
                        "meta": {
                            "schema_version": "1"
                        },
                        "tainted": false
                    },
                    "deposed": [],
                    "provider": "provider.digitalocean"
                },
                "digitalocean_droplet.gitlab-runner": {
                    "type": "digitalocean_droplet",
                    "depends_on": [
                        "digitalocean_tag.all",
                        "digitalocean_tag.private",
                        "digitalocean_tag.runner"
                    ],
                    "primary": {
                        "id": "114400366",
                        "attributes": {
                            "backups": "false",
                            "disk": "25",
                            "id": "114400366",
                            "image": "38897365",
                            "ipv4_address": "159.89.13.165",
                            "ipv4_address_private": "10.135.94.37",
                            "ipv6": "false",
                            "ipv6_address": "",
                            "ipv6_address_private": "",
                            "locked": "false",
                            "memory": "1024",
                            "monitoring": "false",
                            "name": "runner1.gw.lan",
                            "price_hourly": "0.00744",
                            "price_monthly": "5",
                            "private_networking": "true",
                            "region": "fra1",
                            "resize_disk": "true",
                            "size": "s-1vcpu-1gb",
                            "ssh_keys.#": "2",
                            "ssh_keys.3150035396": "8a:c3:45:b8:ec:fb:af:f2:c1:07:a0:64:fb:83:7a:bd",
                            "ssh_keys.538707855": "8c:80:e8:2d:2b:3e:9d:7a:cf:47:6f:d5:22:ef:b5:88",
                            "status": "active",
                            "tags.#": "3",
                            "tags.3523658193": "private",
                            "tags.4180380478": "runner",
                            "tags.991457757": "all",
                            "user_data": "#cloud-config\npackages:\n    - python-minimal\n    - python-setuptools\n    - dmidecode",
                            "vcpus": "1",
                            "volume_ids.#": "0"
                        },
                        "meta": {
                            "schema_version": "1"
                        },
                        "tainted": false
                    },
                    "deposed": [],
                    "provider": "provider.digitalocean"
                },
                "digitalocean_droplet.nodejs": {
                    "type": "digitalocean_droplet",
                    "depends_on": [
                        "digitalocean_tag.all",
                        "digitalocean_tag.private",
                        "digitalocean_tag.web"
                    ],
                    "primary": {
                        "id": "119165954",
                        "attributes": {
                            "backups": "false",
                            "disk": "60",
                            "id": "119165954",
                            "image": "ubuntu-18-04-x64",
                            "ipv4_address": "142.93.105.211",
                            "ipv4_address_private": "10.135.125.221",
                            "ipv6": "false",
                            "ipv6_address": "",
                            "ipv6_address_private": "",
                            "locked": "false",
                            "memory": "2048",
                            "monitoring": "false",
                            "name": "nodejs1.gw.lan",
                            "price_hourly": "0.02232",
                            "price_monthly": "15",
                            "private_networking": "true",
                            "region": "fra1",
                            "resize_disk": "false",
                            "size": "s-2vcpu-2gb",
                            "ssh_keys.#": "2",
                            "ssh_keys.3150035396": "8a:c3:45:b8:ec:fb:af:f2:c1:07:a0:64:fb:83:7a:bd",
                            "ssh_keys.538707855": "8c:80:e8:2d:2b:3e:9d:7a:cf:47:6f:d5:22:ef:b5:88",
                            "status": "active",
                            "tags.#": "3",
                            "tags.3523658193": "private",
                            "tags.365508689": "web",
                            "tags.991457757": "all",
                            "user_data": "eaf0c1dfc11bd997cc70d98a0da7836ef0a417ac",
                            "vcpus": "2",
                            "volume_ids.#": "0"
                        },
                        "meta": {
                            "schema_version": "1"
                        },
                        "tainted": false
                    },
                    "deposed": [],
                    "provider": "provider.digitalocean"
                },
                "digitalocean_droplet.openvpn": {
                    "type": "digitalocean_droplet",
                    "depends_on": [
                        "digitalocean_tag.all",
                        "digitalocean_tag.openvpn"
                    ],
                    "primary": {
                        "id": "114094426",
                        "attributes": {
                            "backups": "false",
                            "disk": "30",
                            "id": "114094426",
                            "image": "38897365",
                            "ipv4_address": "138.68.67.181",
                            "ipv4_address_private": "10.135.16.158",
                            "ipv6": "false",
                            "ipv6_address": "",
                            "ipv6_address_private": "",
                            "locked": "false",
                            "memory": "1024",
                            "monitoring": "false",
                            "name": "openvpn1.gw.lan",
                            "price_hourly": "0.01488",
                            "price_monthly": "10",
                            "private_networking": "true",
                            "region": "fra1",
                            "resize_disk": "true",
                            "size": "1gb",
                            "ssh_keys.#": "2",
                            "ssh_keys.3150035396": "8a:c3:45:b8:ec:fb:af:f2:c1:07:a0:64:fb:83:7a:bd",
                            "ssh_keys.538707855": "8c:80:e8:2d:2b:3e:9d:7a:cf:47:6f:d5:22:ef:b5:88",
                            "status": "active",
                            "tags.#": "2",
                            "tags.3033708533": "openvpn",
                            "tags.991457757": "all",
                            "user_data": "#cloud-config\npackages:\n    - python-minimal\n    - python-setuptools\n    - dmidecode",
                            "vcpus": "1",
                            "volume_ids.#": "0"
                        },
                        "meta": {
                            "schema_version": "1"
                        },
                        "tainted": false
                    },
                    "deposed": [],
                    "provider": "provider.digitalocean"
                },
                "digitalocean_droplet.postgresql-master": {
                    "type": "digitalocean_droplet",
                    "depends_on": [
                        "digitalocean_tag.all",
                        "digitalocean_tag.postgresql",
                        "digitalocean_tag.private"
                    ],
                    "primary": {
                        "id": "114240246",
                        "attributes": {
                            "backups": "false",
                            "disk": "160",
                            "id": "114240246",
                            "image": "38897365",
                            "ipv4_address": "178.128.202.29",
                            "ipv4_address_private": "10.135.72.192",
                            "ipv6": "false",
                            "ipv6_address": "",
                            "ipv6_address_private": "",
                            "locked": "false",
                            "memory": "16384",
                            "monitoring": "false",
                            "name": "db-master.gw.lan",
                            "price_hourly": "0.11905",
                            "price_monthly": "80",
                            "private_networking": "true",
                            "region": "fra1",
                            "resize_disk": "true",
                            "size": "s-6vcpu-16gb",
                            "ssh_keys.#": "2",
                            "ssh_keys.3150035396": "8a:c3:45:b8:ec:fb:af:f2:c1:07:a0:64:fb:83:7a:bd",
                            "ssh_keys.538707855": "8c:80:e8:2d:2b:3e:9d:7a:cf:47:6f:d5:22:ef:b5:88",
                            "status": "active",
                            "tags.#": "3",
                            "tags.309197153": "postgresql",
                            "tags.3523658193": "private",
                            "tags.991457757": "all",
                            "user_data": "#cloud-config\npackages:\n    - python-minimal\n    - python-setuptools\n    - dmidecode",
                            "vcpus": "6",
                            "volume_ids.#": "0"
                        },
                        "meta": {
                            "schema_version": "1"
                        },
                        "tainted": false
                    },
                    "deposed": [],
                    "provider": "provider.digitalocean"
                },
                "digitalocean_droplet.postgresql-slave": {
                    "type": "digitalocean_droplet",
                    "depends_on": [
                        "digitalocean_tag.all",
                        "digitalocean_tag.postgresql",
                        "digitalocean_tag.private"
                    ],
                    "primary": {
                        "id": "114241354",
                        "attributes": {
                            "backups": "false",
                            "disk": "80",
                            "id": "114241354",
                            "image": "38897365",
                            "ipv4_address": "139.59.157.250",
                            "ipv4_address_private": "10.135.20.228",
                            "ipv6": "false",
                            "ipv6_address": "",
                            "ipv6_address_private": "",
                            "locked": "false",
                            "memory": "8192",
                            "monitoring": "false",
                            "name": "db-slave.gw.lan",
                            "price_hourly": "0.05952",
                            "price_monthly": "40",
                            "private_networking": "true",
                            "region": "fra1",
                            "resize_disk": "true",
                            "size": "s-4vcpu-8gb",
                            "ssh_keys.#": "2",
                            "ssh_keys.3150035396": "8a:c3:45:b8:ec:fb:af:f2:c1:07:a0:64:fb:83:7a:bd",
                            "ssh_keys.538707855": "8c:80:e8:2d:2b:3e:9d:7a:cf:47:6f:d5:22:ef:b5:88",
                            "status": "active",
                            "tags.#": "3",
                            "tags.309197153": "postgresql",
                            "tags.3523658193": "private",
                            "tags.991457757": "all",
                            "user_data": "#cloud-config\npackages:\n    - python-minimal\n    - python-setuptools\n    - dmidecode",
                            "vcpus": "4",
                            "volume_ids.#": "0"
                        },
                        "meta": {
                            "schema_version": "1"
                        },
                        "tainted": false
                    },
                    "deposed": [],
                    "provider": "provider.digitalocean"
                },
                "digitalocean_droplet.radius.0": {
                    "type": "digitalocean_droplet",
                    "depends_on": [
                        "digitalocean_tag.all",
                        "digitalocean_tag.private",
                        "digitalocean_tag.radius"
                    ],
                    "primary": {
                        "id": "116662462",
                        "attributes": {
                            "backups": "false",
                            "disk": "60",
                            "id": "116662462",
                            "image": "39567158",
                            "ipv4_address": "46.101.116.27",
                            "ipv4_address_private": "10.135.105.84",
                            "ipv6": "false",
                            "ipv6_address": "",
                            "ipv6_address_private": "",
                            "locked": "false",
                            "memory": "2048",
                            "monitoring": "false",
                            "name": "radius1.gw.lan",
                            "price_hourly": "0.02232",
                            "price_monthly": "15",
                            "private_networking": "true",
                            "region": "fra1",
                            "resize_disk": "false",
                            "size": "s-2vcpu-2gb",
                            "ssh_keys.#": "2",
                            "ssh_keys.3150035396": "8a:c3:45:b8:ec:fb:af:f2:c1:07:a0:64:fb:83:7a:bd",
                            "ssh_keys.538707855": "8c:80:e8:2d:2b:3e:9d:7a:cf:47:6f:d5:22:ef:b5:88",
                            "status": "active",
                            "tags.#": "3",
                            "tags.3523658193": "private",
                            "tags.991457757": "all",
                            "tags.998010458": "radius",
                            "user_data": "eaf0c1dfc11bd997cc70d98a0da7836ef0a417ac",
                            "vcpus": "2",
                            "volume_ids.#": "0"
                        },
                        "meta": {
                            "schema_version": "1"
                        },
                        "tainted": false
                    },
                    "deposed": [],
                    "provider": "provider.digitalocean"
                },
                "digitalocean_droplet.radius.1": {
                    "type": "digitalocean_droplet",
                    "depends_on": [
                        "digitalocean_tag.all",
                        "digitalocean_tag.private",
                        "digitalocean_tag.radius"
                    ],
                    "primary": {
                        "id": "116662463",
                        "attributes": {
                            "backups": "false",
                            "disk": "60",
                            "id": "116662463",
                            "image": "39567158",
                            "ipv4_address": "139.59.156.170",
                            "ipv4_address_private": "10.135.105.93",
                            "ipv6": "false",
                            "ipv6_address": "",
                            "ipv6_address_private": "",
                            "locked": "false",
                            "memory": "2048",
                            "monitoring": "false",
                            "name": "radius2.gw.lan",
                            "price_hourly": "0.02232",
                            "price_monthly": "15",
                            "private_networking": "true",
                            "region": "fra1",
                            "resize_disk": "false",
                            "size": "s-2vcpu-2gb",
                            "ssh_keys.#": "2",
                            "ssh_keys.3150035396": "8a:c3:45:b8:ec:fb:af:f2:c1:07:a0:64:fb:83:7a:bd",
                            "ssh_keys.538707855": "8c:80:e8:2d:2b:3e:9d:7a:cf:47:6f:d5:22:ef:b5:88",
                            "status": "active",
                            "tags.#": "3",
                            "tags.3523658193": "private",
                            "tags.991457757": "all",
                            "tags.998010458": "radius",
                            "user_data": "eaf0c1dfc11bd997cc70d98a0da7836ef0a417ac",
                            "vcpus": "2",
                            "volume_ids.#": "0"
                        },
                        "meta": {
                            "schema_version": "1"
                        },
                        "tainted": false
                    },
                    "deposed": [],
                    "provider": "provider.digitalocean"
                },
                "digitalocean_droplet.redis.0": {
                    "type": "digitalocean_droplet",
                    "depends_on": [
                        "digitalocean_tag.all",
                        "digitalocean_tag.private",
                        "digitalocean_tag.redis"
                    ],
                    "primary": {
                        "id": "115737374",
                        "attributes": {
                            "backups": "false",
                            "disk": "25",
                            "id": "115737374",
                            "image": "38897365",
                            "ipv4_address": "104.248.245.181",
                            "ipv4_address_private": "10.135.118.233",
                            "ipv6": "false",
                            "ipv6_address": "",
                            "ipv6_address_private": "",
                            "locked": "false",
                            "memory": "8192",
                            "monitoring": "false",
                            "name": "redis1.gw.lan",
                            "price_hourly": "0.05952",
                            "price_monthly": "40",
                            "private_networking": "true",
                            "region": "fra1",
                            "resize_disk": "false",
                            "size": "s-4vcpu-8gb",
                            "ssh_keys.#": "2",
                            "ssh_keys.3150035396": "8a:c3:45:b8:ec:fb:af:f2:c1:07:a0:64:fb:83:7a:bd",
                            "ssh_keys.538707855": "8c:80:e8:2d:2b:3e:9d:7a:cf:47:6f:d5:22:ef:b5:88",
                            "status": "active",
                            "tags.#": "3",
                            "tags.2066075671": "redis",
                            "tags.3523658193": "private",
                            "tags.991457757": "all",
                            "user_data": "#cloud-config\npackages:\n    - python-minimal\n    - python-setuptools\n    - dmidecode",
                            "vcpus": "4",
                            "volume_ids.#": "0"
                        },
                        "meta": {
                            "schema_version": "1"
                        },
                        "tainted": false
                    },
                    "deposed": [],
                    "provider": "provider.digitalocean"
                },
                "digitalocean_droplet.redis.1": {
                    "type": "digitalocean_droplet",
                    "depends_on": [
                        "digitalocean_tag.all",
                        "digitalocean_tag.private",
                        "digitalocean_tag.redis"
                    ],
                    "primary": {
                        "id": "115737375",
                        "attributes": {
                            "backups": "false",
                            "disk": "25",
                            "id": "115737375",
                            "image": "38897365",
                            "ipv4_address": "104.248.245.180",
                            "ipv4_address_private": "10.135.118.227",
                            "ipv6": "false",
                            "ipv6_address": "",
                            "ipv6_address_private": "",
                            "locked": "false",
                            "memory": "8192",
                            "monitoring": "false",
                            "name": "redis2.gw.lan",
                            "price_hourly": "0.05952",
                            "price_monthly": "40",
                            "private_networking": "true",
                            "region": "fra1",
                            "resize_disk": "false",
                            "size": "s-4vcpu-8gb",
                            "ssh_keys.#": "2",
                            "ssh_keys.3150035396": "8a:c3:45:b8:ec:fb:af:f2:c1:07:a0:64:fb:83:7a:bd",
                            "ssh_keys.538707855": "8c:80:e8:2d:2b:3e:9d:7a:cf:47:6f:d5:22:ef:b5:88",
                            "status": "active",
                            "tags.#": "3",
                            "tags.2066075671": "redis",
                            "tags.3523658193": "private",
                            "tags.991457757": "all",
                            "user_data": "#cloud-config\npackages:\n    - python-minimal\n    - python-setuptools\n    - dmidecode",
                            "vcpus": "4",
                            "volume_ids.#": "0"
                        },
                        "meta": {
                            "schema_version": "1"
                        },
                        "tainted": false
                    },
                    "deposed": [],
                    "provider": "provider.digitalocean"
                },
                "digitalocean_droplet.redis.2": {
                    "type": "digitalocean_droplet",
                    "depends_on": [
                        "digitalocean_tag.all",
                        "digitalocean_tag.private",
                        "digitalocean_tag.redis"
                    ],
                    "primary": {
                        "id": "115737376",
                        "attributes": {
                            "backups": "false",
                            "disk": "160",
                            "id": "115737376",
                            "image": "38897365",
                            "ipv4_address": "104.248.245.179",
                            "ipv4_address_private": "10.135.118.226",
                            "ipv6": "false",
                            "ipv6_address": "",
                            "ipv6_address_private": "",
                            "locked": "false",
                            "memory": "8192",
                            "monitoring": "false",
                            "name": "redis3.gw.lan",
                            "price_hourly": "0.05952",
                            "price_monthly": "40",
                            "private_networking": "true",
                            "region": "fra1",
                            "resize_disk": "false",
                            "size": "s-4vcpu-8gb",
                            "ssh_keys.#": "2",
                            "ssh_keys.3150035396": "8a:c3:45:b8:ec:fb:af:f2:c1:07:a0:64:fb:83:7a:bd",
                            "ssh_keys.538707855": "8c:80:e8:2d:2b:3e:9d:7a:cf:47:6f:d5:22:ef:b5:88",
                            "status": "active",
                            "tags.#": "3",
                            "tags.2066075671": "redis",
                            "tags.3523658193": "private",
                            "tags.991457757": "all",
                            "user_data": "#cloud-config\npackages:\n    - python-minimal\n    - python-setuptools\n    - dmidecode",
                            "vcpus": "4",
                            "volume_ids.#": "0"
                        },
                        "meta": {
                            "schema_version": "1"
                        },
                        "tainted": false
                    },
                    "deposed": [],
                    "provider": "provider.digitalocean"
                },
                "digitalocean_droplet.softether.0": {
                    "type": "digitalocean_droplet",
                    "depends_on": [
                        "digitalocean_tag.all",
                        "digitalocean_tag.private",
                        "digitalocean_tag.softether"
                    ],
                    "primary": {
                        "id": "117069784",
                        "attributes": {
                            "backups": "false",
                            "disk": "25",
                            "id": "117069784",
                            "image": "38897365",
                            "ipv4_address": "207.154.215.187",
                            "ipv4_address_private": "10.135.93.247",
                            "ipv6": "false",
                            "ipv6_address": "",
                            "ipv6_address_private": "",
                            "locked": "false",
                            "memory": "1024",
                            "monitoring": "false",
                            "name": "softether1.gw.lan",
                            "price_hourly": "0.00744",
                            "price_monthly": "5",
                            "private_networking": "true",
                            "region": "fra1",
                            "resize_disk": "false",
                            "size": "s-1vcpu-1gb",
                            "ssh_keys.#": "2",
                            "ssh_keys.3150035396": "8a:c3:45:b8:ec:fb:af:f2:c1:07:a0:64:fb:83:7a:bd",
                            "ssh_keys.538707855": "8c:80:e8:2d:2b:3e:9d:7a:cf:47:6f:d5:22:ef:b5:88",
                            "status": "active",
                            "tags.#": "3",
                            "tags.200521021": "softether",
                            "tags.3523658193": "private",
                            "tags.991457757": "all",
                            "user_data": "eaf0c1dfc11bd997cc70d98a0da7836ef0a417ac",
                            "vcpus": "1",
                            "volume_ids.#": "0"
                        },
                        "meta": {
                            "schema_version": "1"
                        },
                        "tainted": false
                    },
                    "deposed": [],
                    "provider": "provider.digitalocean"
                },
                "digitalocean_droplet.softether.1": {
                    "type": "digitalocean_droplet",
                    "depends_on": [
                        "digitalocean_tag.all",
                        "digitalocean_tag.private",
                        "digitalocean_tag.softether"
                    ],
                    "primary": {
                        "id": "117081602",
                        "attributes": {
                            "backups": "false",
                            "disk": "25",
                            "id": "117081602",
                            "image": "38897365",
                            "ipv4_address": "138.68.94.223",
                            "ipv4_address_private": "10.135.121.54",
                            "ipv6": "false",
                            "ipv6_address": "",
                            "ipv6_address_private": "",
                            "locked": "false",
                            "memory": "1024",
                            "monitoring": "false",
                            "name": "softether2.gw.lan",
                            "price_hourly": "0.00744",
                            "price_monthly": "5",
                            "private_networking": "true",
                            "region": "fra1",
                            "resize_disk": "false",
                            "size": "s-1vcpu-1gb",
                            "ssh_keys.#": "2",
                            "ssh_keys.3150035396": "8a:c3:45:b8:ec:fb:af:f2:c1:07:a0:64:fb:83:7a:bd",
                            "ssh_keys.538707855": "8c:80:e8:2d:2b:3e:9d:7a:cf:47:6f:d5:22:ef:b5:88",
                            "status": "active",
                            "tags.#": "3",
                            "tags.200521021": "softether",
                            "tags.3523658193": "private",
                            "tags.991457757": "all",
                            "user_data": "eaf0c1dfc11bd997cc70d98a0da7836ef0a417ac",
                            "vcpus": "1",
                            "volume_ids.#": "0"
                        },
                        "meta": {
                            "schema_version": "1"
                        },
                        "tainted": false
                    },
                    "deposed": [],
                    "provider": "provider.digitalocean"
                },
                "digitalocean_droplet.softether.2": {
                    "type": "digitalocean_droplet",
                    "depends_on": [
                        "digitalocean_tag.all",
                        "digitalocean_tag.private",
                        "digitalocean_tag.softether"
                    ],
                    "primary": {
                        "id": "117077413",
                        "attributes": {
                            "backups": "false",
                            "disk": "25",
                            "id": "117077413",
                            "image": "38897365",
                            "ipv4_address": "138.68.99.160",
                            "ipv4_address_private": "10.135.120.116",
                            "ipv6": "false",
                            "ipv6_address": "",
                            "ipv6_address_private": "",
                            "locked": "false",
                            "memory": "1024",
                            "monitoring": "false",
                            "name": "softether3.gw.lan",
                            "price_hourly": "0.00744",
                            "price_monthly": "5",
                            "private_networking": "true",
                            "region": "fra1",
                            "resize_disk": "false",
                            "size": "s-1vcpu-1gb",
                            "ssh_keys.#": "2",
                            "ssh_keys.3150035396": "8a:c3:45:b8:ec:fb:af:f2:c1:07:a0:64:fb:83:7a:bd",
                            "ssh_keys.538707855": "8c:80:e8:2d:2b:3e:9d:7a:cf:47:6f:d5:22:ef:b5:88",
                            "status": "active",
                            "tags.#": "3",
                            "tags.200521021": "softether",
                            "tags.3523658193": "private",
                            "tags.991457757": "all",
                            "user_data": "eaf0c1dfc11bd997cc70d98a0da7836ef0a417ac",
                            "vcpus": "1",
                            "volume_ids.#": "0"
                        },
                        "meta": {
                            "schema_version": "1"
                        },
                        "tainted": false
                    },
                    "deposed": [],
                    "provider": "provider.digitalocean"
                },
                "digitalocean_droplet.web-data": {
                    "type": "digitalocean_droplet",
                    "depends_on": [
                        "digitalocean_tag.all",
                        "digitalocean_tag.private",
                        "digitalocean_tag.web-data"
                    ],
                    "primary": {
                        "id": "118542717",
                        "attributes": {
                            "backups": "false",
                            "disk": "60",
                            "id": "118542717",
                            "image": "38897365",
                            "ipv4_address": "104.248.42.122",
                            "ipv4_address_private": "10.135.68.78",
                            "ipv6": "false",
                            "ipv6_address": "",
                            "ipv6_address_private": "",
                            "locked": "false",
                            "memory": "2048",
                            "monitoring": "false",
                            "name": "web-data1.gw.lan",
                            "price_hourly": "0.02232",
                            "price_monthly": "15",
                            "private_networking": "true",
                            "region": "fra1",
                            "resize_disk": "false",
                            "size": "s-2vcpu-2gb",
                            "ssh_keys.#": "2",
                            "ssh_keys.3150035396": "8a:c3:45:b8:ec:fb:af:f2:c1:07:a0:64:fb:83:7a:bd",
                            "ssh_keys.538707855": "8c:80:e8:2d:2b:3e:9d:7a:cf:47:6f:d5:22:ef:b5:88",
                            "status": "active",
                            "tags.#": "3",
                            "tags.3523658193": "private",
                            "tags.3940764985": "web-data",
                            "tags.991457757": "all",
                            "user_data": "eaf0c1dfc11bd997cc70d98a0da7836ef0a417ac",
                            "vcpus": "2",
                            "volume_ids.#": "0"
                        },
                        "meta": {
                            "schema_version": "1"
                        },
                        "tainted": false
                    },
                    "deposed": [],
                    "provider": "provider.digitalocean"
                },
                "digitalocean_droplet.web.0": {
                    "type": "digitalocean_droplet",
                    "depends_on": [
                        "digitalocean_tag.all",
                        "digitalocean_tag.private",
                        "digitalocean_tag.web"
                    ],
                    "primary": {
                        "id": "117604832",
                        "attributes": {
                            "backups": "false",
                            "disk": "60",
                            "id": "117604832",
                            "image": "38897365",
                            "ipv4_address": "138.68.82.173",
                            "ipv4_address_private": "10.135.112.29",
                            "ipv6": "false",
                            "ipv6_address": "",
                            "ipv6_address_private": "",
                            "locked": "false",
                            "memory": "4096",
                            "monitoring": "false",
                            "name": "web1.gw.lan",
                            "price_hourly": "0.02976",
                            "price_monthly": "20",
                            "private_networking": "true",
                            "region": "fra1",
                            "resize_disk": "false",
                            "size": "s-2vcpu-4gb",
                            "ssh_keys.#": "2",
                            "ssh_keys.3150035396": "8a:c3:45:b8:ec:fb:af:f2:c1:07:a0:64:fb:83:7a:bd",
                            "ssh_keys.538707855": "8c:80:e8:2d:2b:3e:9d:7a:cf:47:6f:d5:22:ef:b5:88",
                            "status": "active",
                            "tags.#": "3",
                            "tags.3523658193": "private",
                            "tags.365508689": "web",
                            "tags.991457757": "all",
                            "user_data": "eaf0c1dfc11bd997cc70d98a0da7836ef0a417ac",
                            "vcpus": "2",
                            "volume_ids.#": "0"
                        },
                        "meta": {
                            "schema_version": "1"
                        },
                        "tainted": false
                    },
                    "deposed": [],
                    "provider": "provider.digitalocean"
                },
                "digitalocean_droplet.web.1": {
                    "type": "digitalocean_droplet",
                    "depends_on": [
                        "digitalocean_tag.all",
                        "digitalocean_tag.private",
                        "digitalocean_tag.web"
                    ],
                    "primary": {
                        "id": "118301424",
                        "attributes": {
                            "backups": "false",
                            "disk": "60",
                            "id": "118301424",
                            "image": "38897365",
                            "ipv4_address": "159.65.126.98",
                            "ipv4_address_private": "10.135.124.179",
                            "ipv6": "false",
                            "ipv6_address": "",
                            "ipv6_address_private": "",
                            "locked": "false",
                            "memory": "4096",
                            "monitoring": "false",
                            "name": "web2.gw.lan",
                            "price_hourly": "0.02976",
                            "price_monthly": "20",
                            "private_networking": "true",
                            "region": "fra1",
                            "resize_disk": "false",
                            "size": "s-2vcpu-4gb",
                            "ssh_keys.#": "2",
                            "ssh_keys.3150035396": "8a:c3:45:b8:ec:fb:af:f2:c1:07:a0:64:fb:83:7a:bd",
                            "ssh_keys.538707855": "8c:80:e8:2d:2b:3e:9d:7a:cf:47:6f:d5:22:ef:b5:88",
                            "status": "active",
                            "tags.#": "3",
                            "tags.3523658193": "private",
                            "tags.365508689": "web",
                            "tags.991457757": "all",
                            "user_data": "eaf0c1dfc11bd997cc70d98a0da7836ef0a417ac",
                            "vcpus": "2",
                            "volume_ids.#": "0"
                        },
                        "meta": {
                            "schema_version": "1"
                        },
                        "tainted": false
                    },
                    "deposed": [],
                    "provider": "provider.digitalocean"
                },
                "digitalocean_droplet.zabbix": {
                    "type": "digitalocean_droplet",
                    "depends_on": [
                        "digitalocean_tag.all",
                        "digitalocean_tag.private",
                        "digitalocean_tag.zabbix"
                    ],
                    "primary": {
                        "id": "114095488",
                        "attributes": {
                            "backups": "false",
                            "disk": "50",
                            "id": "114095488",
                            "image": "38897365",
                            "ipv4_address": "46.101.147.98",
                            "ipv4_address_private": "10.135.56.169",
                            "ipv6": "false",
                            "ipv6_address": "",
                            "ipv6_address_private": "",
                            "locked": "false",
                            "memory": "2048",
                            "monitoring": "false",
                            "name": "zabbix.gw.lan",
                            "price_hourly": "0.01488",
                            "price_monthly": "10",
                            "private_networking": "true",
                            "region": "fra1",
                            "resize_disk": "true",
                            "size": "s-1vcpu-2gb",
                            "ssh_keys.#": "2",
                            "ssh_keys.3150035396": "8a:c3:45:b8:ec:fb:af:f2:c1:07:a0:64:fb:83:7a:bd",
                            "ssh_keys.538707855": "8c:80:e8:2d:2b:3e:9d:7a:cf:47:6f:d5:22:ef:b5:88",
                            "status": "active",
                            "tags.#": "3",
                            "tags.2410993887": "zabbix",
                            "tags.3523658193": "private",
                            "tags.991457757": "all",
                            "user_data": "#cloud-config\npackages:\n    - python-minimal\n    - python-setuptools\n    - dmidecode",
                            "vcpus": "1",
                            "volume_ids.#": "0"
                        },
                        "meta": {
                            "schema_version": "1"
                        },
                        "tainted": false
                    },
                    "deposed": [],
                    "provider": "provider.digitalocean"
                },
                "digitalocean_firewall.all": {
                    "type": "digitalocean_firewall",
                    "depends_on": [
                        "digitalocean_tag.all",
                        "digitalocean_tag.zabbix"
                    ],
                    "primary": {
                        "id": "b7940402-0325-402a-9ef5-080379bba126",
                        "attributes": {
                            "droplet_ids.#": "0",
                            "id": "b7940402-0325-402a-9ef5-080379bba126",
                            "inbound_rule.#": "1",
                            "inbound_rule.3843068444.port_range": "10050",
                            "inbound_rule.3843068444.protocol": "tcp",
                            "inbound_rule.3843068444.source_addresses.#": "0",
                            "inbound_rule.3843068444.source_droplet_ids.#": "0",
                            "inbound_rule.3843068444.source_load_balancer_uids.#": "0",
                            "inbound_rule.3843068444.source_tags.#": "1",
                            "inbound_rule.3843068444.source_tags.2410993887": "zabbix",
                            "name": "all",
                            "outbound_rule.#": "3",
                            "outbound_rule.2174971434.destination_addresses.#": "2",
                            "outbound_rule.2174971434.destination_addresses.217649824": "0.0.0.0/0",
                            "outbound_rule.2174971434.destination_addresses.4017721845": "::/0",
                            "outbound_rule.2174971434.destination_droplet_ids.#": "0",
                            "outbound_rule.2174971434.destination_load_balancer_uids.#": "0",
                            "outbound_rule.2174971434.destination_tags.#": "0",
                            "outbound_rule.2174971434.port_range": "",
                            "outbound_rule.2174971434.protocol": "icmp",
                            "outbound_rule.250795239.destination_addresses.#": "2",
                            "outbound_rule.250795239.destination_addresses.217649824": "0.0.0.0/0",
                            "outbound_rule.250795239.destination_addresses.4017721845": "::/0",
                            "outbound_rule.250795239.destination_droplet_ids.#": "0",
                            "outbound_rule.250795239.destination_load_balancer_uids.#": "0",
                            "outbound_rule.250795239.destination_tags.#": "0",
                            "outbound_rule.250795239.port_range": "1-65535",
                            "outbound_rule.250795239.protocol": "udp",
                            "outbound_rule.3003229447.destination_addresses.#": "2",
                            "outbound_rule.3003229447.destination_addresses.217649824": "0.0.0.0/0",
                            "outbound_rule.3003229447.destination_addresses.4017721845": "::/0",
                            "outbound_rule.3003229447.destination_droplet_ids.#": "0",
                            "outbound_rule.3003229447.destination_load_balancer_uids.#": "0",
                            "outbound_rule.3003229447.destination_tags.#": "0",
                            "outbound_rule.3003229447.port_range": "1-65535",
                            "outbound_rule.3003229447.protocol": "tcp",
                            "pending_changes.#": "0",
                            "status": "succeeded",
                            "tags.#": "1",
                            "tags.991457757": "all"
                        },
                        "meta": {},
                        "tainted": false
                    },
                    "deposed": [],
                    "provider": "provider.digitalocean"
                },
                "digitalocean_firewall.asterisk": {
                    "type": "digitalocean_firewall",
                    "depends_on": [
                        "digitalocean_tag.asterisk",
                        "digitalocean_tag.openvpn"
                    ],
                    "primary": {
                        "id": "a53c0060-8fe4-4f42-a8f4-b97b6a2e9037",
                        "attributes": {
                            "droplet_ids.#": "0",
                            "id": "a53c0060-8fe4-4f42-a8f4-b97b6a2e9037",
                            "inbound_rule.#": "1",
                            "inbound_rule.3893207105.port_range": "5060",
                            "inbound_rule.3893207105.protocol": "udp",
                            "inbound_rule.3893207105.source_addresses.#": "2",
                            "inbound_rule.3893207105.source_addresses.217649824": "0.0.0.0/0",
                            "inbound_rule.3893207105.source_addresses.4017721845": "::/0",
                            "inbound_rule.3893207105.source_droplet_ids.#": "0",
                            "inbound_rule.3893207105.source_load_balancer_uids.#": "0",
                            "inbound_rule.3893207105.source_tags.#": "1",
                            "inbound_rule.3893207105.source_tags.3033708533": "openvpn",
                            "name": "asterisk",
                            "outbound_rule.#": "0",
                            "pending_changes.#": "0",
                            "status": "succeeded",
                            "tags.#": "1",
                            "tags.1035995213": "asterisk"
                        },
                        "meta": {},
                        "tainted": false
                    },
                    "deposed": [],
                    "provider": "provider.digitalocean"
                },
                "digitalocean_firewall.cassandra": {
                    "type": "digitalocean_firewall",
                    "depends_on": [
                        "digitalocean_tag.cassandra",
                        "digitalocean_tag.openvpn",
                        "digitalocean_tag.web",
                        "digitalocean_tag.web-data",
                        "digitalocean_tag.zabbix"
                    ],
                    "primary": {
                        "id": "5cbc68ee-a960-4f49-a4e2-6fca6a90d9fd",
                        "attributes": {
                            "droplet_ids.#": "0",
                            "id": "5cbc68ee-a960-4f49-a4e2-6fca6a90d9fd",
                            "inbound_rule.#": "3",
                            "inbound_rule.1438100081.port_range": "7199",
                            "inbound_rule.1438100081.protocol": "tcp",
                            "inbound_rule.1438100081.source_addresses.#": "0",
                            "inbound_rule.1438100081.source_droplet_ids.#": "0",
                            "inbound_rule.1438100081.source_load_balancer_uids.#": "0",
                            "inbound_rule.1438100081.source_tags.#": "1",
                            "inbound_rule.1438100081.source_tags.2410993887": "zabbix",
                            "inbound_rule.644036796.port_range": "7000",
                            "inbound_rule.644036796.protocol": "tcp",
                            "inbound_rule.644036796.source_addresses.#": "0",
                            "inbound_rule.644036796.source_droplet_ids.#": "0",
                            "inbound_rule.644036796.source_load_balancer_uids.#": "0",
                            "inbound_rule.644036796.source_tags.#": "4",
                            "inbound_rule.644036796.source_tags.3033708533": "openvpn",
                            "inbound_rule.644036796.source_tags.3629730744": "cassandra",
                            "inbound_rule.644036796.source_tags.365508689": "web",
                            "inbound_rule.644036796.source_tags.3940764985": "web-data",
                            "inbound_rule.843442119.port_range": "9042",
                            "inbound_rule.843442119.protocol": "tcp",
                            "inbound_rule.843442119.source_addresses.#": "0",
                            "inbound_rule.843442119.source_droplet_ids.#": "0",
                            "inbound_rule.843442119.source_load_balancer_uids.#": "0",
                            "inbound_rule.843442119.source_tags.#": "4",
                            "inbound_rule.843442119.source_tags.3033708533": "openvpn",
                            "inbound_rule.843442119.source_tags.3629730744": "cassandra",
                            "inbound_rule.843442119.source_tags.365508689": "web",
                            "inbound_rule.843442119.source_tags.3940764985": "web-data",
                            "name": "cassandra",
                            "outbound_rule.#": "0",
                            "pending_changes.#": "0",
                            "status": "succeeded",
                            "tags.#": "1",
                            "tags.3629730744": "cassandra"
                        },
                        "meta": {},
                        "tainted": false
                    },
                    "deposed": [],
                    "provider": "provider.digitalocean"
                },
                "digitalocean_firewall.dns": {
                    "type": "digitalocean_firewall",
                    "depends_on": [
                        "digitalocean_tag.all",
                        "digitalocean_tag.dns",
                        "digitalocean_tag.zabbix"
                    ],
                    "primary": {
                        "id": "647440ad-5e5e-47f1-a93b-7569fc9b8db1",
                        "attributes": {
                            "droplet_ids.#": "0",
                            "id": "647440ad-5e5e-47f1-a93b-7569fc9b8db1",
                            "inbound_rule.#": "2",
                            "inbound_rule.759845867.port_range": "53",
                            "inbound_rule.759845867.protocol": "udp",
                            "inbound_rule.759845867.source_addresses.#": "0",
                            "inbound_rule.759845867.source_droplet_ids.#": "0",
                            "inbound_rule.759845867.source_load_balancer_uids.#": "0",
                            "inbound_rule.759845867.source_tags.#": "2",
                            "inbound_rule.759845867.source_tags.2410993887": "zabbix",
                            "inbound_rule.759845867.source_tags.991457757": "all",
                            "inbound_rule.808416326.port_range": "53",
                            "inbound_rule.808416326.protocol": "tcp",
                            "inbound_rule.808416326.source_addresses.#": "0",
                            "inbound_rule.808416326.source_droplet_ids.#": "0",
                            "inbound_rule.808416326.source_load_balancer_uids.#": "0",
                            "inbound_rule.808416326.source_tags.#": "2",
                            "inbound_rule.808416326.source_tags.2410993887": "zabbix",
                            "inbound_rule.808416326.source_tags.991457757": "all",
                            "name": "dns",
                            "outbound_rule.#": "0",
                            "pending_changes.#": "0",
                            "status": "succeeded",
                            "tags.#": "1",
                            "tags.2196626497": "dns"
                        },
                        "meta": {},
                        "tainted": false
                    },
                    "deposed": [],
                    "provider": "provider.digitalocean"
                },
                "digitalocean_firewall.gitlab": {
                    "type": "digitalocean_firewall",
                    "depends_on": [
                        "digitalocean_tag.all",
                        "digitalocean_tag.gitlab",
                        "digitalocean_tag.openvpn",
                        "digitalocean_tag.runner"
                    ],
                    "primary": {
                        "id": "94de8f88-6f0d-4b6a-ae83-58980be79691",
                        "attributes": {
                            "droplet_ids.#": "0",
                            "id": "94de8f88-6f0d-4b6a-ae83-58980be79691",
                            "inbound_rule.#": "5",
                            "inbound_rule.1409448926.port_range": "443",
                            "inbound_rule.1409448926.protocol": "tcp",
                            "inbound_rule.1409448926.source_addresses.#": "0",
                            "inbound_rule.1409448926.source_droplet_ids.#": "0",
                            "inbound_rule.1409448926.source_load_balancer_uids.#": "0",
                            "inbound_rule.1409448926.source_tags.#": "1",
                            "inbound_rule.1409448926.source_tags.991457757": "all",
                            "inbound_rule.3461600736.port_range": "22",
                            "inbound_rule.3461600736.protocol": "tcp",
                            "inbound_rule.3461600736.source_addresses.#": "2",
                            "inbound_rule.3461600736.source_addresses.217649824": "0.0.0.0/0",
                            "inbound_rule.3461600736.source_addresses.4017721845": "::/0",
                            "inbound_rule.3461600736.source_droplet_ids.#": "0",
                            "inbound_rule.3461600736.source_load_balancer_uids.#": "0",
                            "inbound_rule.3461600736.source_tags.#": "0",
                            "inbound_rule.3679106768.port_range": "5001",
                            "inbound_rule.3679106768.protocol": "tcp",
                            "inbound_rule.3679106768.source_addresses.#": "0",
                            "inbound_rule.3679106768.source_droplet_ids.#": "0",
                            "inbound_rule.3679106768.source_load_balancer_uids.#": "0",
                            "inbound_rule.3679106768.source_tags.#": "2",
                            "inbound_rule.3679106768.source_tags.3033708533": "openvpn",
                            "inbound_rule.3679106768.source_tags.4180380478": "runner",
                            "inbound_rule.747165133.port_range": "80",
                            "inbound_rule.747165133.protocol": "tcp",
                            "inbound_rule.747165133.source_addresses.#": "0",
                            "inbound_rule.747165133.source_droplet_ids.#": "0",
                            "inbound_rule.747165133.source_load_balancer_uids.#": "0",
                            "inbound_rule.747165133.source_tags.#": "1",
                            "inbound_rule.747165133.source_tags.991457757": "all",
                            "inbound_rule.964060090.port_range": "2222",
                            "inbound_rule.964060090.protocol": "tcp",
                            "inbound_rule.964060090.source_addresses.#": "0",
                            "inbound_rule.964060090.source_droplet_ids.#": "0",
                            "inbound_rule.964060090.source_load_balancer_uids.#": "0",
                            "inbound_rule.964060090.source_tags.#": "1",
                            "inbound_rule.964060090.source_tags.3033708533": "openvpn",
                            "name": "gitlab",
                            "outbound_rule.#": "0",
                            "pending_changes.#": "0",
                            "status": "succeeded",
                            "tags.#": "1",
                            "tags.1255920736": "gitlab"
                        },
                        "meta": {},
                        "tainted": false
                    },
                    "deposed": [],
                    "provider": "provider.digitalocean"
                },
                "digitalocean_firewall.openvpn": {
                    "type": "digitalocean_firewall",
                    "depends_on": [
                        "digitalocean_tag.openvpn"
                    ],
                    "primary": {
                        "id": "770f1d8e-207d-4209-9953-fa1a1612e58a",
                        "attributes": {
                            "droplet_ids.#": "0",
                            "id": "770f1d8e-207d-4209-9953-fa1a1612e58a",
                            "inbound_rule.#": "3",
                            "inbound_rule.1548039851.port_range": "",
                            "inbound_rule.1548039851.protocol": "icmp",
                            "inbound_rule.1548039851.source_addresses.#": "2",
                            "inbound_rule.1548039851.source_addresses.217649824": "0.0.0.0/0",
                            "inbound_rule.1548039851.source_addresses.4017721845": "::/0",
                            "inbound_rule.1548039851.source_droplet_ids.#": "0",
                            "inbound_rule.1548039851.source_load_balancer_uids.#": "0",
                            "inbound_rule.1548039851.source_tags.#": "0",
                            "inbound_rule.3461600736.port_range": "22",
                            "inbound_rule.3461600736.protocol": "tcp",
                            "inbound_rule.3461600736.source_addresses.#": "2",
                            "inbound_rule.3461600736.source_addresses.217649824": "0.0.0.0/0",
                            "inbound_rule.3461600736.source_addresses.4017721845": "::/0",
                            "inbound_rule.3461600736.source_droplet_ids.#": "0",
                            "inbound_rule.3461600736.source_load_balancer_uids.#": "0",
                            "inbound_rule.3461600736.source_tags.#": "0",
                            "inbound_rule.3911652777.port_range": "1194",
                            "inbound_rule.3911652777.protocol": "udp",
                            "inbound_rule.3911652777.source_addresses.#": "2",
                            "inbound_rule.3911652777.source_addresses.217649824": "0.0.0.0/0",
                            "inbound_rule.3911652777.source_addresses.4017721845": "::/0",
                            "inbound_rule.3911652777.source_droplet_ids.#": "0",
                            "inbound_rule.3911652777.source_load_balancer_uids.#": "0",
                            "inbound_rule.3911652777.source_tags.#": "0",
                            "name": "openvpn",
                            "outbound_rule.#": "0",
                            "pending_changes.#": "0",
                            "status": "succeeded",
                            "tags.#": "1",
                            "tags.3033708533": "openvpn"
                        },
                        "meta": {},
                        "tainted": false
                    },
                    "deposed": [],
                    "provider": "provider.digitalocean"
                },
                "digitalocean_firewall.postgresql": {
                    "type": "digitalocean_firewall",
                    "depends_on": [
                        "digitalocean_tag.openvpn",
                        "digitalocean_tag.postgresql",
                        "digitalocean_tag.zabbix"
                    ],
                    "primary": {
                        "id": "23e767d5-1e19-4b4e-bb33-4d528a5e6709",
                        "attributes": {
                            "droplet_ids.#": "0",
                            "id": "23e767d5-1e19-4b4e-bb33-4d528a5e6709",
                            "inbound_rule.#": "2",
                            "inbound_rule.943700332.port_range": "",
                            "inbound_rule.943700332.protocol": "icmp",
                            "inbound_rule.943700332.source_addresses.#": "0",
                            "inbound_rule.943700332.source_droplet_ids.#": "0",
                            "inbound_rule.943700332.source_load_balancer_uids.#": "0",
                            "inbound_rule.943700332.source_tags.#": "3",
                            "inbound_rule.943700332.source_tags.2410993887": "zabbix",
                            "inbound_rule.943700332.source_tags.3033708533": "openvpn",
                            "inbound_rule.943700332.source_tags.309197153": "postgresql",
                            "inbound_rule.947962337.port_range": "5432",
                            "inbound_rule.947962337.protocol": "tcp",
                            "inbound_rule.947962337.source_addresses.#": "2",
                            "inbound_rule.947962337.source_addresses.217649824": "0.0.0.0/0",
                            "inbound_rule.947962337.source_addresses.4017721845": "::/0",
                            "inbound_rule.947962337.source_droplet_ids.#": "0",
                            "inbound_rule.947962337.source_load_balancer_uids.#": "0",
                            "inbound_rule.947962337.source_tags.#": "2",
                            "inbound_rule.947962337.source_tags.3033708533": "openvpn",
                            "inbound_rule.947962337.source_tags.309197153": "postgresql",
                            "name": "postgresql",
                            "outbound_rule.#": "0",
                            "pending_changes.#": "0",
                            "status": "succeeded",
                            "tags.#": "1",
                            "tags.309197153": "postgresql"
                        },
                        "meta": {},
                        "tainted": false
                    },
                    "deposed": [],
                    "provider": "provider.digitalocean"
                },
                "digitalocean_firewall.private": {
                    "type": "digitalocean_firewall",
                    "depends_on": [
                        "digitalocean_tag.openvpn",
                        "digitalocean_tag.private"
                    ],
                    "primary": {
                        "id": "54d18f5c-5119-4168-bd76-b8814adff08c",
                        "attributes": {
                            "droplet_ids.#": "0",
                            "id": "54d18f5c-5119-4168-bd76-b8814adff08c",
                            "inbound_rule.#": "1",
                            "inbound_rule.387674859.port_range": "22",
                            "inbound_rule.387674859.protocol": "tcp",
                            "inbound_rule.387674859.source_addresses.#": "0",
                            "inbound_rule.387674859.source_droplet_ids.#": "0",
                            "inbound_rule.387674859.source_load_balancer_uids.#": "0",
                            "inbound_rule.387674859.source_tags.#": "1",
                            "inbound_rule.387674859.source_tags.3033708533": "openvpn",
                            "name": "private",
                            "outbound_rule.#": "0",
                            "pending_changes.#": "0",
                            "status": "succeeded",
                            "tags.#": "1",
                            "tags.3523658193": "private"
                        },
                        "meta": {},
                        "tainted": false
                    },
                    "deposed": [],
                    "provider": "provider.digitalocean"
                },
                "digitalocean_firewall.radius": {
                    "type": "digitalocean_firewall",
                    "depends_on": [
                        "digitalocean_tag.radius"
                    ],
                    "primary": {
                        "id": "b264ee05-be11-4a61-ab7f-a3c8a3ca38ee",
                        "attributes": {
                            "droplet_ids.#": "0",
                            "id": "b264ee05-be11-4a61-ab7f-a3c8a3ca38ee",
                            "inbound_rule.#": "1",
                            "inbound_rule.3699849351.port_range": "1-65535",
                            "inbound_rule.3699849351.protocol": "udp",
                            "inbound_rule.3699849351.source_addresses.#": "2",
                            "inbound_rule.3699849351.source_addresses.217649824": "0.0.0.0/0",
                            "inbound_rule.3699849351.source_addresses.4017721845": "::/0",
                            "inbound_rule.3699849351.source_droplet_ids.#": "0",
                            "inbound_rule.3699849351.source_load_balancer_uids.#": "0",
                            "inbound_rule.3699849351.source_tags.#": "0",
                            "name": "radius",
                            "outbound_rule.#": "0",
                            "pending_changes.#": "0",
                            "status": "succeeded",
                            "tags.#": "1",
                            "tags.998010458": "radius"
                        },
                        "meta": {},
                        "tainted": false
                    },
                    "deposed": [],
                    "provider": "provider.digitalocean"
                },
                "digitalocean_firewall.redis": {
                    "type": "digitalocean_firewall",
                    "depends_on": [
                        "digitalocean_tag.all",
                        "digitalocean_tag.openvpn",
                        "digitalocean_tag.redis",
                        "digitalocean_tag.web"
                    ],
                    "primary": {
                        "id": "cdd8a931-0770-451a-be18-6a8ea15957ab",
                        "attributes": {
                            "droplet_ids.#": "0",
                            "id": "cdd8a931-0770-451a-be18-6a8ea15957ab",
                            "inbound_rule.#": "2",
                            "inbound_rule.537194688.port_range": "26379",
                            "inbound_rule.537194688.protocol": "tcp",
                            "inbound_rule.537194688.source_addresses.#": "0",
                            "inbound_rule.537194688.source_droplet_ids.#": "0",
                            "inbound_rule.537194688.source_load_balancer_uids.#": "0",
                            "inbound_rule.537194688.source_tags.#": "3",
                            "inbound_rule.537194688.source_tags.2066075671": "redis",
                            "inbound_rule.537194688.source_tags.3033708533": "openvpn",
                            "inbound_rule.537194688.source_tags.365508689": "web",
                            "inbound_rule.767082303.port_range": "6379",
                            "inbound_rule.767082303.protocol": "tcp",
                            "inbound_rule.767082303.source_addresses.#": "0",
                            "inbound_rule.767082303.source_droplet_ids.#": "0",
                            "inbound_rule.767082303.source_load_balancer_uids.#": "0",
                            "inbound_rule.767082303.source_tags.#": "4",
                            "inbound_rule.767082303.source_tags.2066075671": "redis",
                            "inbound_rule.767082303.source_tags.3033708533": "openvpn",
                            "inbound_rule.767082303.source_tags.365508689": "web",
                            "inbound_rule.767082303.source_tags.991457757": "all",
                            "name": "redis",
                            "outbound_rule.#": "0",
                            "pending_changes.#": "0",
                            "status": "succeeded",
                            "tags.#": "1",
                            "tags.2066075671": "redis"
                        },
                        "meta": {},
                        "tainted": false
                    },
                    "deposed": [],
                    "provider": "provider.digitalocean"
                },
                "digitalocean_firewall.softether": {
                    "type": "digitalocean_firewall",
                    "depends_on": [
                        "digitalocean_tag.openvpn",
                        "digitalocean_tag.softether"
                    ],
                    "primary": {
                        "id": "ec89145f-d665-4b0f-bc12-7805dfdfe8e0",
                        "attributes": {
                            "droplet_ids.#": "0",
                            "id": "ec89145f-d665-4b0f-bc12-7805dfdfe8e0",
                            "inbound_rule.#": "5",
                            "inbound_rule.1216725268.port_range": "80",
                            "inbound_rule.1216725268.protocol": "tcp",
                            "inbound_rule.1216725268.source_addresses.#": "0",
                            "inbound_rule.1216725268.source_droplet_ids.#": "0",
                            "inbound_rule.1216725268.source_load_balancer_uids.#": "0",
                            "inbound_rule.1216725268.source_tags.#": "1",
                            "inbound_rule.1216725268.source_tags.3033708533": "openvpn",
                            "inbound_rule.1768903078.port_range": "8443",
                            "inbound_rule.1768903078.protocol": "tcp",
                            "inbound_rule.1768903078.source_addresses.#": "2",
                            "inbound_rule.1768903078.source_addresses.217649824": "0.0.0.0/0",
                            "inbound_rule.1768903078.source_addresses.4017721845": "::/0",
                            "inbound_rule.1768903078.source_droplet_ids.#": "0",
                            "inbound_rule.1768903078.source_load_balancer_uids.#": "0",
                            "inbound_rule.1768903078.source_tags.#": "0",
                            "inbound_rule.2615742476.port_range": "1701",
                            "inbound_rule.2615742476.protocol": "udp",
                            "inbound_rule.2615742476.source_addresses.#": "2",
                            "inbound_rule.2615742476.source_addresses.217649824": "0.0.0.0/0",
                            "inbound_rule.2615742476.source_addresses.4017721845": "::/0",
                            "inbound_rule.2615742476.source_droplet_ids.#": "0",
                            "inbound_rule.2615742476.source_load_balancer_uids.#": "0",
                            "inbound_rule.2615742476.source_tags.#": "0",
                            "inbound_rule.3848669169.port_range": "4500",
                            "inbound_rule.3848669169.protocol": "udp",
                            "inbound_rule.3848669169.source_addresses.#": "2",
                            "inbound_rule.3848669169.source_addresses.217649824": "0.0.0.0/0",
                            "inbound_rule.3848669169.source_addresses.4017721845": "::/0",
                            "inbound_rule.3848669169.source_droplet_ids.#": "0",
                            "inbound_rule.3848669169.source_load_balancer_uids.#": "0",
                            "inbound_rule.3848669169.source_tags.#": "0",
                            "inbound_rule.782849806.port_range": "500",
                            "inbound_rule.782849806.protocol": "udp",
                            "inbound_rule.782849806.source_addresses.#": "2",
                            "inbound_rule.782849806.source_addresses.217649824": "0.0.0.0/0",
                            "inbound_rule.782849806.source_addresses.4017721845": "::/0",
                            "inbound_rule.782849806.source_droplet_ids.#": "0",
                            "inbound_rule.782849806.source_load_balancer_uids.#": "0",
                            "inbound_rule.782849806.source_tags.#": "0",
                            "name": "softether",
                            "outbound_rule.#": "0",
                            "pending_changes.#": "0",
                            "status": "succeeded",
                            "tags.#": "1",
                            "tags.200521021": "softether"
                        },
                        "meta": {},
                        "tainted": false
                    },
                    "deposed": [],
                    "provider": "provider.digitalocean"
                },
                "digitalocean_firewall.web": {
                    "type": "digitalocean_firewall",
                    "depends_on": [
                        "digitalocean_tag.runner",
                        "digitalocean_tag.web"
                    ],
                    "primary": {
                        "id": "ade346d9-c54e-42a5-94b6-9a7bb15434b1",
                        "attributes": {
                            "droplet_ids.#": "0",
                            "id": "ade346d9-c54e-42a5-94b6-9a7bb15434b1",
                            "inbound_rule.#": "3",
                            "inbound_rule.1027893822.port_range": "22",
                            "inbound_rule.1027893822.protocol": "tcp",
                            "inbound_rule.1027893822.source_addresses.#": "0",
                            "inbound_rule.1027893822.source_droplet_ids.#": "0",
                            "inbound_rule.1027893822.source_load_balancer_uids.#": "0",
                            "inbound_rule.1027893822.source_tags.#": "2",
                            "inbound_rule.1027893822.source_tags.365508689": "web",
                            "inbound_rule.1027893822.source_tags.4180380478": "runner",
                            "inbound_rule.1029929102.port_range": "80",
                            "inbound_rule.1029929102.protocol": "tcp",
                            "inbound_rule.1029929102.source_addresses.#": "2",
                            "inbound_rule.1029929102.source_addresses.217649824": "0.0.0.0/0",
                            "inbound_rule.1029929102.source_addresses.4017721845": "::/0",
                            "inbound_rule.1029929102.source_droplet_ids.#": "0",
                            "inbound_rule.1029929102.source_load_balancer_uids.#": "0",
                            "inbound_rule.1029929102.source_tags.#": "0",
                            "inbound_rule.824762578.port_range": "443",
                            "inbound_rule.824762578.protocol": "tcp",
                            "inbound_rule.824762578.source_addresses.#": "2",
                            "inbound_rule.824762578.source_addresses.217649824": "0.0.0.0/0",
                            "inbound_rule.824762578.source_addresses.4017721845": "::/0",
                            "inbound_rule.824762578.source_droplet_ids.#": "0",
                            "inbound_rule.824762578.source_load_balancer_uids.#": "0",
                            "inbound_rule.824762578.source_tags.#": "0",
                            "name": "web",
                            "outbound_rule.#": "0",
                            "pending_changes.#": "0",
                            "status": "succeeded",
                            "tags.#": "1",
                            "tags.365508689": "web"
                        },
                        "meta": {},
                        "tainted": false
                    },
                    "deposed": [],
                    "provider": "provider.digitalocean"
                },
                "digitalocean_firewall.web-data": {
                    "type": "digitalocean_firewall",
                    "depends_on": [
                        "digitalocean_tag.runner",
                        "digitalocean_tag.web-data"
                    ],
                    "primary": {
                        "id": "b57f6bff-6761-45fe-96fa-c1f03e60a0be",
                        "attributes": {
                            "droplet_ids.#": "0",
                            "id": "b57f6bff-6761-45fe-96fa-c1f03e60a0be",
                            "inbound_rule.#": "1",
                            "inbound_rule.1785520799.port_range": "22",
                            "inbound_rule.1785520799.protocol": "tcp",
                            "inbound_rule.1785520799.source_addresses.#": "0",
                            "inbound_rule.1785520799.source_droplet_ids.#": "0",
                            "inbound_rule.1785520799.source_load_balancer_uids.#": "0",
                            "inbound_rule.1785520799.source_tags.#": "1",
                            "inbound_rule.1785520799.source_tags.4180380478": "runner",
                            "name": "web-data",
                            "outbound_rule.#": "0",
                            "pending_changes.#": "0",
                            "status": "succeeded",
                            "tags.#": "1",
                            "tags.3940764985": "web-data"
                        },
                        "meta": {},
                        "tainted": false
                    },
                    "deposed": [],
                    "provider": "provider.digitalocean"
                },
                "digitalocean_firewall.zabbix": {
                    "type": "digitalocean_firewall",
                    "depends_on": [
                        "digitalocean_tag.all",
                        "digitalocean_tag.openvpn",
                        "digitalocean_tag.zabbix"
                    ],
                    "primary": {
                        "id": "3bb1f0ed-6c65-4ba7-8ad6-e7a9f6f77dc6",
                        "attributes": {
                            "droplet_ids.#": "0",
                            "id": "3bb1f0ed-6c65-4ba7-8ad6-e7a9f6f77dc6",
                            "inbound_rule.#": "3",
                            "inbound_rule.1182646464.port_range": "443",
                            "inbound_rule.1182646464.protocol": "tcp",
                            "inbound_rule.1182646464.source_addresses.#": "0",
                            "inbound_rule.1182646464.source_droplet_ids.#": "0",
                            "inbound_rule.1182646464.source_load_balancer_uids.#": "0",
                            "inbound_rule.1182646464.source_tags.#": "1",
                            "inbound_rule.1182646464.source_tags.3033708533": "openvpn",
                            "inbound_rule.2060082999.port_range": "10051",
                            "inbound_rule.2060082999.protocol": "tcp",
                            "inbound_rule.2060082999.source_addresses.#": "2",
                            "inbound_rule.2060082999.source_addresses.217649824": "0.0.0.0/0",
                            "inbound_rule.2060082999.source_addresses.4017721845": "::/0",
                            "inbound_rule.2060082999.source_droplet_ids.#": "0",
                            "inbound_rule.2060082999.source_load_balancer_uids.#": "0",
                            "inbound_rule.2060082999.source_tags.#": "0",
                            "inbound_rule.3704765281.port_range": "80",
                            "inbound_rule.3704765281.protocol": "tcp",
                            "inbound_rule.3704765281.source_addresses.#": "0",
                            "inbound_rule.3704765281.source_droplet_ids.#": "0",
                            "inbound_rule.3704765281.source_load_balancer_uids.#": "0",
                            "inbound_rule.3704765281.source_tags.#": "2",
                            "inbound_rule.3704765281.source_tags.3033708533": "openvpn",
                            "inbound_rule.3704765281.source_tags.991457757": "all",
                            "name": "zabbix",
                            "outbound_rule.#": "0",
                            "pending_changes.#": "0",
                            "status": "succeeded",
                            "tags.#": "1",
                            "tags.2410993887": "zabbix"
                        },
                        "meta": {},
                        "tainted": false
                    },
                    "deposed": [],
                    "provider": "provider.digitalocean"
                },
                "digitalocean_loadbalancer.web": {
                    "type": "digitalocean_loadbalancer",
                    "depends_on": [
                        "digitalocean_certificate.cert",
                        "digitalocean_droplet.web.*"
                    ],
                    "primary": {
                        "id": "67ce3086-2ca4-4894-90fc-7e19bc9e87b1",
                        "attributes": {
                            "algorithm": "round_robin",
                            "droplet_ids.#": "2",
                            "droplet_ids.106475732": "117604832",
                            "droplet_ids.1492021414": "118301424",
                            "droplet_tag": "",
                            "forwarding_rule.#": "2",
                            "forwarding_rule.0.certificate_id": "",
                            "forwarding_rule.0.entry_port": "80",
                            "forwarding_rule.0.entry_protocol": "http",
                            "forwarding_rule.0.target_port": "80",
                            "forwarding_rule.0.target_protocol": "http",
                            "forwarding_rule.0.tls_passthrough": "false",
                            "forwarding_rule.1.certificate_id": "a36ff93b-19aa-4fcf-acd9-8d3d0cbf7d89",
                            "forwarding_rule.1.entry_port": "443",
                            "forwarding_rule.1.entry_protocol": "https",
                            "forwarding_rule.1.target_port": "80",
                            "forwarding_rule.1.target_protocol": "http",
                            "forwarding_rule.1.tls_passthrough": "false",
                            "healthcheck.#": "1",
                            "healthcheck.0.check_interval_seconds": "10",
                            "healthcheck.0.healthy_threshold": "5",
                            "healthcheck.0.path": "/",
                            "healthcheck.0.port": "80",
                            "healthcheck.0.protocol": "http",
                            "healthcheck.0.response_timeout_seconds": "5",
                            "healthcheck.0.unhealthy_threshold": "3",
                            "id": "67ce3086-2ca4-4894-90fc-7e19bc9e87b1",
                            "ip": "104.248.101.64",
                            "name": "web",
                            "redirect_http_to_https": "true",
                            "region": "fra1",
                            "status": "active",
                            "sticky_sessions.#": "1",
                            "sticky_sessions.0.cookie_name": "",
                            "sticky_sessions.0.cookie_ttl_seconds": "0",
                            "sticky_sessions.0.type": "none"
                        },
                        "meta": {},
                        "tainted": false
                    },
                    "deposed": [],
                    "provider": "provider.digitalocean"
                },
                "digitalocean_record.app": {
                    "type": "digitalocean_record",
                    "depends_on": [
                        "digitalocean_domain.gettwifi",
                        "digitalocean_loadbalancer.web"
                    ],
                    "primary": {
                        "id": "58260720",
                        "attributes": {
                            "domain": "gettwifi.com",
                            "flags": "0",
                            "fqdn": "appnew.gettwifi.com",
                            "id": "58260720",
                            "name": "appnew",
                            "port": "0",
                            "priority": "0",
                            "tag": "",
                            "ttl": "1800",
                            "type": "A",
                            "value": "104.248.101.64",
                            "weight": "0"
                        },
                        "meta": {},
                        "tainted": false
                    },
                    "deposed": [],
                    "provider": "provider.digitalocean"
                },
                "digitalocean_record.auth": {
                    "type": "digitalocean_record",
                    "depends_on": [
                        "digitalocean_domain.gettwifi",
                        "digitalocean_loadbalancer.web"
                    ],
                    "primary": {
                        "id": "58260697",
                        "attributes": {
                            "domain": "gettwifi.com",
                            "flags": "0",
                            "fqdn": "authnew.gettwifi.com",
                            "id": "58260697",
                            "name": "authnew",
                            "port": "0",
                            "priority": "0",
                            "tag": "",
                            "ttl": "1800",
                            "type": "A",
                            "value": "104.248.101.64",
                            "weight": "0"
                        },
                        "meta": {},
                        "tainted": false
                    },
                    "deposed": [],
                    "provider": "provider.digitalocean"
                },
                "digitalocean_record.cp": {
                    "type": "digitalocean_record",
                    "depends_on": [
                        "digitalocean_domain.gettwifi",
                        "digitalocean_loadbalancer.web"
                    ],
                    "primary": {
                        "id": "58260681",
                        "attributes": {
                            "domain": "gettwifi.com",
                            "flags": "0",
                            "fqdn": "cpnew.gettwifi.com",
                            "id": "58260681",
                            "name": "cpnew",
                            "port": "0",
                            "priority": "0",
                            "tag": "",
                            "ttl": "1800",
                            "type": "A",
                            "value": "104.248.101.64",
                            "weight": "0"
                        },
                        "meta": {},
                        "tainted": false
                    },
                    "deposed": [],
                    "provider": "provider.digitalocean"
                },
                "digitalocean_record.fetch": {
                    "type": "digitalocean_record",
                    "depends_on": [
                        "digitalocean_domain.gettwifi",
                        "digitalocean_loadbalancer.web"
                    ],
                    "primary": {
                        "id": "58260658",
                        "attributes": {
                            "domain": "gettwifi.com",
                            "flags": "0",
                            "fqdn": "fetchnew.gettwifi.com",
                            "id": "58260658",
                            "name": "fetchnew",
                            "port": "0",
                            "priority": "0",
                            "tag": "",
                            "ttl": "1800",
                            "type": "A",
                            "value": "104.248.101.64",
                            "weight": "0"
                        },
                        "meta": {},
                        "tainted": false
                    },
                    "deposed": [],
                    "provider": "provider.digitalocean"
                },
                "digitalocean_record.krispykreme": {
                    "type": "digitalocean_record",
                    "depends_on": [
                        "digitalocean_domain.gettwifi",
                        "digitalocean_droplet.nodejs"
                    ],
                    "primary": {
                        "id": "57502366",
                        "attributes": {
                            "domain": "gettwifi.com",
                            "flags": "0",
                            "fqdn": "krispykreme.gettwifi.com",
                            "id": "57502366",
                            "name": "krispykreme",
                            "port": "0",
                            "priority": "0",
                            "tag": "",
                            "ttl": "1800",
                            "type": "A",
                            "value": "142.93.105.211",
                            "weight": "0"
                        },
                        "meta": {},
                        "tainted": false
                    },
                    "deposed": [],
                    "provider": "provider.digitalocean"
                },
                "digitalocean_record.lk": {
                    "type": "digitalocean_record",
                    "depends_on": [
                        "digitalocean_domain.gettwifi",
                        "digitalocean_loadbalancer.web"
                    ],
                    "primary": {
                        "id": "58260696",
                        "attributes": {
                            "domain": "gettwifi.com",
                            "flags": "0",
                            "fqdn": "lknew.gettwifi.com",
                            "id": "58260696",
                            "name": "lknew",
                            "port": "0",
                            "priority": "0",
                            "tag": "",
                            "ttl": "1800",
                            "type": "A",
                            "value": "104.248.101.64",
                            "weight": "0"
                        },
                        "meta": {},
                        "tainted": false
                    },
                    "deposed": [],
                    "provider": "provider.digitalocean"
                },
                "digitalocean_tag.all": {
                    "type": "digitalocean_tag",
                    "depends_on": [],
                    "primary": {
                        "id": "all",
                        "attributes": {
                            "id": "all",
                            "name": "all"
                        },
                        "meta": {},
                        "tainted": false
                    },
                    "deposed": [],
                    "provider": "provider.digitalocean"
                },
                "digitalocean_tag.asterisk": {
                    "type": "digitalocean_tag",
                    "depends_on": [],
                    "primary": {
                        "id": "asterisk",
                        "attributes": {
                            "id": "asterisk",
                            "name": "asterisk"
                        },
                        "meta": {},
                        "tainted": false
                    },
                    "deposed": [],
                    "provider": "provider.digitalocean"
                },
                "digitalocean_tag.cassandra": {
                    "type": "digitalocean_tag",
                    "depends_on": [],
                    "primary": {
                        "id": "cassandra",
                        "attributes": {
                            "id": "cassandra",
                            "name": "cassandra"
                        },
                        "meta": {},
                        "tainted": false
                    },
                    "deposed": [],
                    "provider": "provider.digitalocean"
                },
                "digitalocean_tag.dns": {
                    "type": "digitalocean_tag",
                    "depends_on": [],
                    "primary": {
                        "id": "dns",
                        "attributes": {
                            "id": "dns",
                            "name": "dns"
                        },
                        "meta": {},
                        "tainted": false
                    },
                    "deposed": [],
                    "provider": "provider.digitalocean"
                },
                "digitalocean_tag.gitlab": {
                    "type": "digitalocean_tag",
                    "depends_on": [],
                    "primary": {
                        "id": "gitlab",
                        "attributes": {
                            "id": "gitlab",
                            "name": "gitlab"
                        },
                        "meta": {},
                        "tainted": false
                    },
                    "deposed": [],
                    "provider": "provider.digitalocean"
                },
                "digitalocean_tag.openvpn": {
                    "type": "digitalocean_tag",
                    "depends_on": [],
                    "primary": {
                        "id": "openvpn",
                        "attributes": {
                            "id": "openvpn",
                            "name": "openvpn"
                        },
                        "meta": {},
                        "tainted": false
                    },
                    "deposed": [],
                    "provider": "provider.digitalocean"
                },
                "digitalocean_tag.postgresql": {
                    "type": "digitalocean_tag",
                    "depends_on": [],
                    "primary": {
                        "id": "postgresql",
                        "attributes": {
                            "id": "postgresql",
                            "name": "postgresql"
                        },
                        "meta": {},
                        "tainted": false
                    },
                    "deposed": [],
                    "provider": "provider.digitalocean"
                },
                "digitalocean_tag.private": {
                    "type": "digitalocean_tag",
                    "depends_on": [],
                    "primary": {
                        "id": "private",
                        "attributes": {
                            "id": "private",
                            "name": "private"
                        },
                        "meta": {},
                        "tainted": false
                    },
                    "deposed": [],
                    "provider": "provider.digitalocean"
                },
                "digitalocean_tag.radius": {
                    "type": "digitalocean_tag",
                    "depends_on": [],
                    "primary": {
                        "id": "radius",
                        "attributes": {
                            "id": "radius",
                            "name": "radius"
                        },
                        "meta": {},
                        "tainted": false
                    },
                    "deposed": [],
                    "provider": "provider.digitalocean"
                },
                "digitalocean_tag.redis": {
                    "type": "digitalocean_tag",
                    "depends_on": [],
                    "primary": {
                        "id": "redis",
                        "attributes": {
                            "id": "redis",
                            "name": "redis"
                        },
                        "meta": {},
                        "tainted": false
                    },
                    "deposed": [],
                    "provider": "provider.digitalocean"
                },
                "digitalocean_tag.runner": {
                    "type": "digitalocean_tag",
                    "depends_on": [],
                    "primary": {
                        "id": "runner",
                        "attributes": {
                            "id": "runner",
                            "name": "runner"
                        },
                        "meta": {},
                        "tainted": false
                    },
                    "deposed": [],
                    "provider": "provider.digitalocean"
                },
                "digitalocean_tag.softether": {
                    "type": "digitalocean_tag",
                    "depends_on": [],
                    "primary": {
                        "id": "softether",
                        "attributes": {
                            "id": "softether",
                            "name": "softether"
                        },
                        "meta": {},
                        "tainted": false
                    },
                    "deposed": [],
                    "provider": "provider.digitalocean"
                },
                "digitalocean_tag.web": {
                    "type": "digitalocean_tag",
                    "depends_on": [],
                    "primary": {
                        "id": "web",
                        "attributes": {
                            "id": "web",
                            "name": "web"
                        },
                        "meta": {},
                        "tainted": false
                    },
                    "deposed": [],
                    "provider": "provider.digitalocean"
                },
                "digitalocean_tag.web-data": {
                    "type": "digitalocean_tag",
                    "depends_on": [],
                    "primary": {
                        "id": "web-data",
                        "attributes": {
                            "id": "web-data",
                            "name": "web-data"
                        },
                        "meta": {},
                        "tainted": false
                    },
                    "deposed": [],
                    "provider": "provider.digitalocean"
                },
                "digitalocean_tag.zabbix": {
                    "type": "digitalocean_tag",
                    "depends_on": [],
                    "primary": {
                        "id": "zabbix",
                        "attributes": {
                            "id": "zabbix",
                            "name": "zabbix"
                        },
                        "meta": {},
                        "tainted": false
                    },
                    "deposed": [],
                    "provider": "provider.digitalocean"
                }
            },
            "depends_on": []
        }
    ]
}
